
Microsoft Visual Studio Solution File, Format Version 12.00
# Visual Studio 14
VisualStudioVersion = 14.0.23107.0
MinimumVisualStudioVersion = 10.0.40219.1
Project("{FAE04EC0-301F-11D3-BF4B-00C04F79EFBC}") = "Framework", "Framework\Framework.csproj", "{ED6C838F-B040-4F7B-812A-9448D07340E5}"
EndProject
Project("{FAE04EC0-301F-11D3-BF4B-00C04F79EFBC}") = "Framework.Audio", "Framework.Audio\Framework.Audio.csproj", "{1AE9F386-0B93-4CFD-B44B-4A884F41B7F2}"
EndProject
Project("{FAE04EC0-301F-11D3-BF4B-00C04F79EFBC}") = "Framework.Avatar", "Framework.Avatar\Framework.Avatar.csproj", "{F68FB7F7-3DD5-43FD-93DE-4C402DF0E4B9}"
EndProject
Project("{FAE04EC0-301F-11D3-BF4B-00C04F79EFBC}") = "Framework.Game", "Framework.Game\Framework.Game.csproj", "{0847443D-55EB-440D-B6FF-D5D005312D6C}"
EndProject
Project("{FAE04EC0-301F-11D3-BF4B-00C04F79EFBC}") = "Framework.GamerServices", "Framework.GamerServices\Framework.GamerServices.csproj", "{CCDE9ED0-7CCA-4D77-BD31-1873113CB953}"
EndProject
Project("{FAE04EC0-301F-11D3-BF4B-00C04F79EFBC}") = "Framework.Graphics", "Framework.Graphics\Framework.Graphics.csproj", "{9BDFAC16-CDB6-40DF-BF55-ADD0F305A0D7}"
EndProject
Project("{FAE04EC0-301F-11D3-BF4B-00C04F79EFBC}") = "Framework.Net", "Framework.Net\Framework.Net.csproj", "{753BE409-7268-48F1-BB45-D568EF1E5E1B}"
EndProject
Project("{FAE04EC0-301F-11D3-BF4B-00C04F79EFBC}") = "Framework.Storage", "Framework.Storage\Framework.Storage.csproj", "{6FF88A1F-E638-4EDA-9BAC-E8A4A44A373B}"
EndProject
Project("{FAE04EC0-301F-11D3-BF4B-00C04F79EFBC}") = "Framework.Video", "Framework.Video\Framework.Video.csproj", "{92912C38-0B74-4F4A-A54A-94DC70E7CB3B}"
EndProject
Project("{FAE04EC0-301F-11D3-BF4B-00C04F79EFBC}") = "Framework.Xact", "Framework.Xact\Framework.Xact.csproj", "{6D767C87-21D2-40A3-BF83-BB58A62D8FC3}"
EndProject
Project("{FAE04EC0-301F-11D3-BF4B-00C04F79EFBC}") = "Framework.Input.Touch", "Framework.Input.Touch\Framework.Input.Touch.csproj", "{ACD367E7-D3DB-4E9C-93D4-E815A8955137}"
EndProject
Project("{2150E333-8FDC-42A3-9474-1A3956D46DE8}") = "Content", "Content", "{EA07495E-BE99-4128-AC45-63D3C2406770}"
EndProject
Project("{FAE04EC0-301F-11D3-BF4B-00C04F79EFBC}") = "Framework.Content.Pipeline", "Content\Pipeline\Framework.Content.Pipeline.csproj", "{899C7129-B6DC-4CDF-AFE8-4D392CCF6DC9}"
EndProject
Project("{FAE04EC0-301F-11D3-BF4B-00C04F79EFBC}") = "Framework.Content.Pipeline.AudioImporters", "Content\Pipeline.AudioImporters\Framework.Content.Pipeline.AudioImporters.csproj", "{F48C9BB9-6BE9-49D2-AA76-88082C405A01}"
EndProject
Project("{FAE04EC0-301F-11D3-BF4B-00C04F79EFBC}") = "Framework.Content.Pipeline.EffectImporter", "Content\Pipeline.EffectImporter\Framework.Content.Pipeline.EffectImporter.csproj", "{28F921D3-8C02-4EE5-A150-860CB8809C9A}"
EndProject
Project("{FAE04EC0-301F-11D3-BF4B-00C04F79EFBC}") = "Framework.Content.Pipeline.FBXImporter", "Content\Pipeline.FBXImporter\Framework.Content.Pipeline.FBXImporter.csproj", "{E047B589-6C0A-4F85-92DE-27BEE2441F8A}"
EndProject
Project("{FAE04EC0-301F-11D3-BF4B-00C04F79EFBC}") = "Framework.Content.Pipeline.TextureImporter", "Content\Pipeline.TextureImporter\Framework.Content.Pipeline.TextureImporter.csproj", "{BD3D3F73-DA89-4712-A1AE-1BF8CE6C030C}"
EndProject
Project("{FAE04EC0-301F-11D3-BF4B-00C04F79EFBC}") = "Framework.Content.Pipeline.VideoImporters", "Content\Pipeline.VideoImporters\Framework.Content.Pipeline.VideoImporters.csproj", "{2C0257C0-EADC-4BB6-BC6B-53BEBF7AC482}"
EndProject
Project("{FAE04EC0-301F-11D3-BF4B-00C04F79EFBC}") = "Framework.Content.Pipeline.XImporter", "Content\Pipeline.XImporter\Framework.Content.Pipeline.XImporter.csproj", "{EEE159F9-1F9E-4628-A19D-6662EC72D789}"
EndProject
Global
	GlobalSection(SolutionConfigurationPlatforms) = preSolution
		Debug|Any CPU = Debug|Any CPU
		Debug|ARM = Debug|ARM
		Debug|DIRECTX11_2 = Debug|DIRECTX11_2
		Debug|Net20 = Debug|Net20
		Debug|Net40 = Debug|Net40
		Debug|Win8 = Debug|Win8
		Debug|WP81 = Debug|WP81
		Debug|WP8-ARM = Debug|WP8-ARM
		Debug|WP8-x86 = Debug|WP8-x86
		Debug|x64 = Debug|x64
		Debug|x86 = Debug|x86
		Release|Any CPU = Release|Any CPU
		Release|ARM = Release|ARM
		Release|DIRECTX11_2 = Release|DIRECTX11_2
		Release|Net20 = Release|Net20
		Release|Net40 = Release|Net40
		Release|Win8 = Release|Win8
		Release|WP81 = Release|WP81
		Release|WP8-ARM = Release|WP8-ARM
		Release|WP8-x86 = Release|WP8-x86
		Release|x64 = Release|x64
		Release|x86 = Release|x86
	EndGlobalSection
	GlobalSection(ProjectConfigurationPlatforms) = postSolution
		{ED6C838F-B040-4F7B-812A-9448D07340E5}.Debug|Any CPU.ActiveCfg = Debug|Any CPU
		{ED6C838F-B040-4F7B-812A-9448D07340E5}.Debug|Any CPU.Build.0 = Debug|Any CPU
		{ED6C838F-B040-4F7B-812A-9448D07340E5}.Debug|ARM.ActiveCfg = Debug|Any CPU
		{ED6C838F-B040-4F7B-812A-9448D07340E5}.Debug|ARM.Build.0 = Debug|Any CPU
		{ED6C838F-B040-4F7B-812A-9448D07340E5}.Debug|DIRECTX11_2.ActiveCfg = Debug|Any CPU
		{ED6C838F-B040-4F7B-812A-9448D07340E5}.Debug|DIRECTX11_2.Build.0 = Debug|Any CPU
		{ED6C838F-B040-4F7B-812A-9448D07340E5}.Debug|Net20.ActiveCfg = Debug|Any CPU
		{ED6C838F-B040-4F7B-812A-9448D07340E5}.Debug|Net20.Build.0 = Debug|Any CPU
		{ED6C838F-B040-4F7B-812A-9448D07340E5}.Debug|Net40.ActiveCfg = Debug|Any CPU
		{ED6C838F-B040-4F7B-812A-9448D07340E5}.Debug|Net40.Build.0 = Debug|Any CPU
		{ED6C838F-B040-4F7B-812A-9448D07340E5}.Debug|Win8.ActiveCfg = Debug|Any CPU
		{ED6C838F-B040-4F7B-812A-9448D07340E5}.Debug|Win8.Build.0 = Debug|Any CPU
		{ED6C838F-B040-4F7B-812A-9448D07340E5}.Debug|WP81.ActiveCfg = Debug|Any CPU
		{ED6C838F-B040-4F7B-812A-9448D07340E5}.Debug|WP81.Build.0 = Debug|Any CPU
		{ED6C838F-B040-4F7B-812A-9448D07340E5}.Debug|WP8-ARM.ActiveCfg = Debug|Any CPU
		{ED6C838F-B040-4F7B-812A-9448D07340E5}.Debug|WP8-ARM.Build.0 = Debug|Any CPU
		{ED6C838F-B040-4F7B-812A-9448D07340E5}.Debug|WP8-x86.ActiveCfg = Debug|Any CPU
		{ED6C838F-B040-4F7B-812A-9448D07340E5}.Debug|WP8-x86.Build.0 = Debug|Any CPU
		{ED6C838F-B040-4F7B-812A-9448D07340E5}.Debug|x64.ActiveCfg = Debug|Any CPU
		{ED6C838F-B040-4F7B-812A-9448D07340E5}.Debug|x64.Build.0 = Debug|Any CPU
		{ED6C838F-B040-4F7B-812A-9448D07340E5}.Debug|x86.ActiveCfg = Debug|Any CPU
		{ED6C838F-B040-4F7B-812A-9448D07340E5}.Debug|x86.Build.0 = Debug|Any CPU
		{ED6C838F-B040-4F7B-812A-9448D07340E5}.Release|Any CPU.ActiveCfg = Release|Any CPU
		{ED6C838F-B040-4F7B-812A-9448D07340E5}.Release|Any CPU.Build.0 = Release|Any CPU
		{ED6C838F-B040-4F7B-812A-9448D07340E5}.Release|ARM.ActiveCfg = Release|Any CPU
		{ED6C838F-B040-4F7B-812A-9448D07340E5}.Release|ARM.Build.0 = Release|Any CPU
		{ED6C838F-B040-4F7B-812A-9448D07340E5}.Release|DIRECTX11_2.ActiveCfg = Release|Any CPU
		{ED6C838F-B040-4F7B-812A-9448D07340E5}.Release|DIRECTX11_2.Build.0 = Release|Any CPU
		{ED6C838F-B040-4F7B-812A-9448D07340E5}.Release|Net20.ActiveCfg = Release|Any CPU
		{ED6C838F-B040-4F7B-812A-9448D07340E5}.Release|Net20.Build.0 = Release|Any CPU
		{ED6C838F-B040-4F7B-812A-9448D07340E5}.Release|Net40.ActiveCfg = Release|Any CPU
		{ED6C838F-B040-4F7B-812A-9448D07340E5}.Release|Net40.Build.0 = Release|Any CPU
		{ED6C838F-B040-4F7B-812A-9448D07340E5}.Release|Win8.ActiveCfg = Release|Any CPU
		{ED6C838F-B040-4F7B-812A-9448D07340E5}.Release|Win8.Build.0 = Release|Any CPU
		{ED6C838F-B040-4F7B-812A-9448D07340E5}.Release|WP81.ActiveCfg = Release|Any CPU
		{ED6C838F-B040-4F7B-812A-9448D07340E5}.Release|WP81.Build.0 = Release|Any CPU
		{ED6C838F-B040-4F7B-812A-9448D07340E5}.Release|WP8-ARM.ActiveCfg = Release|Any CPU
		{ED6C838F-B040-4F7B-812A-9448D07340E5}.Release|WP8-ARM.Build.0 = Release|Any CPU
		{ED6C838F-B040-4F7B-812A-9448D07340E5}.Release|WP8-x86.ActiveCfg = Release|Any CPU
		{ED6C838F-B040-4F7B-812A-9448D07340E5}.Release|WP8-x86.Build.0 = Release|Any CPU
		{ED6C838F-B040-4F7B-812A-9448D07340E5}.Release|x64.ActiveCfg = Release|Any CPU
		{ED6C838F-B040-4F7B-812A-9448D07340E5}.Release|x64.Build.0 = Release|Any CPU
		{ED6C838F-B040-4F7B-812A-9448D07340E5}.Release|x86.ActiveCfg = Release|Any CPU
		{ED6C838F-B040-4F7B-812A-9448D07340E5}.Release|x86.Build.0 = Release|Any CPU
		{1AE9F386-0B93-4CFD-B44B-4A884F41B7F2}.Debug|Any CPU.ActiveCfg = Debug|Any CPU
		{1AE9F386-0B93-4CFD-B44B-4A884F41B7F2}.Debug|Any CPU.Build.0 = Debug|Any CPU
		{1AE9F386-0B93-4CFD-B44B-4A884F41B7F2}.Debug|ARM.ActiveCfg = Debug|Any CPU
		{1AE9F386-0B93-4CFD-B44B-4A884F41B7F2}.Debug|ARM.Build.0 = Debug|Any CPU
		{1AE9F386-0B93-4CFD-B44B-4A884F41B7F2}.Debug|DIRECTX11_2.ActiveCfg = Debug|Any CPU
		{1AE9F386-0B93-4CFD-B44B-4A884F41B7F2}.Debug|DIRECTX11_2.Build.0 = Debug|Any CPU
		{1AE9F386-0B93-4CFD-B44B-4A884F41B7F2}.Debug|Net20.ActiveCfg = Debug|Any CPU
		{1AE9F386-0B93-4CFD-B44B-4A884F41B7F2}.Debug|Net20.Build.0 = Debug|Any CPU
		{1AE9F386-0B93-4CFD-B44B-4A884F41B7F2}.Debug|Net40.ActiveCfg = Debug|Any CPU
		{1AE9F386-0B93-4CFD-B44B-4A884F41B7F2}.Debug|Net40.Build.0 = Debug|Any CPU
		{1AE9F386-0B93-4CFD-B44B-4A884F41B7F2}.Debug|Win8.ActiveCfg = Debug|Any CPU
		{1AE9F386-0B93-4CFD-B44B-4A884F41B7F2}.Debug|Win8.Build.0 = Debug|Any CPU
		{1AE9F386-0B93-4CFD-B44B-4A884F41B7F2}.Debug|WP81.ActiveCfg = Debug|Any CPU
		{1AE9F386-0B93-4CFD-B44B-4A884F41B7F2}.Debug|WP81.Build.0 = Debug|Any CPU
		{1AE9F386-0B93-4CFD-B44B-4A884F41B7F2}.Debug|WP8-ARM.ActiveCfg = Debug|Any CPU
		{1AE9F386-0B93-4CFD-B44B-4A884F41B7F2}.Debug|WP8-ARM.Build.0 = Debug|Any CPU
		{1AE9F386-0B93-4CFD-B44B-4A884F41B7F2}.Debug|WP8-x86.ActiveCfg = Debug|Any CPU
		{1AE9F386-0B93-4CFD-B44B-4A884F41B7F2}.Debug|WP8-x86.Build.0 = Debug|Any CPU
		{1AE9F386-0B93-4CFD-B44B-4A884F41B7F2}.Debug|x64.ActiveCfg = Debug|Any CPU
		{1AE9F386-0B93-4CFD-B44B-4A884F41B7F2}.Debug|x64.Build.0 = Debug|Any CPU
		{1AE9F386-0B93-4CFD-B44B-4A884F41B7F2}.Debug|x86.ActiveCfg = Debug|Any CPU
		{1AE9F386-0B93-4CFD-B44B-4A884F41B7F2}.Debug|x86.Build.0 = Debug|Any CPU
		{1AE9F386-0B93-4CFD-B44B-4A884F41B7F2}.Release|Any CPU.ActiveCfg = Release|Any CPU
		{1AE9F386-0B93-4CFD-B44B-4A884F41B7F2}.Release|Any CPU.Build.0 = Release|Any CPU
		{1AE9F386-0B93-4CFD-B44B-4A884F41B7F2}.Release|ARM.ActiveCfg = Release|Any CPU
		{1AE9F386-0B93-4CFD-B44B-4A884F41B7F2}.Release|ARM.Build.0 = Release|Any CPU
		{1AE9F386-0B93-4CFD-B44B-4A884F41B7F2}.Release|DIRECTX11_2.ActiveCfg = Release|Any CPU
		{1AE9F386-0B93-4CFD-B44B-4A884F41B7F2}.Release|DIRECTX11_2.Build.0 = Release|Any CPU
		{1AE9F386-0B93-4CFD-B44B-4A884F41B7F2}.Release|Net20.ActiveCfg = Release|Any CPU
		{1AE9F386-0B93-4CFD-B44B-4A884F41B7F2}.Release|Net20.Build.0 = Release|Any CPU
		{1AE9F386-0B93-4CFD-B44B-4A884F41B7F2}.Release|Net40.ActiveCfg = Release|Any CPU
		{1AE9F386-0B93-4CFD-B44B-4A884F41B7F2}.Release|Net40.Build.0 = Release|Any CPU
		{1AE9F386-0B93-4CFD-B44B-4A884F41B7F2}.Release|Win8.ActiveCfg = Release|Any CPU
		{1AE9F386-0B93-4CFD-B44B-4A884F41B7F2}.Release|Win8.Build.0 = Release|Any CPU
		{1AE9F386-0B93-4CFD-B44B-4A884F41B7F2}.Release|WP81.ActiveCfg = Release|Any CPU
		{1AE9F386-0B93-4CFD-B44B-4A884F41B7F2}.Release|WP81.Build.0 = Release|Any CPU
		{1AE9F386-0B93-4CFD-B44B-4A884F41B7F2}.Release|WP8-ARM.ActiveCfg = Release|Any CPU
		{1AE9F386-0B93-4CFD-B44B-4A884F41B7F2}.Release|WP8-ARM.Build.0 = Release|Any CPU
		{1AE9F386-0B93-4CFD-B44B-4A884F41B7F2}.Release|WP8-x86.ActiveCfg = Release|Any CPU
		{1AE9F386-0B93-4CFD-B44B-4A884F41B7F2}.Release|WP8-x86.Build.0 = Release|Any CPU
		{1AE9F386-0B93-4CFD-B44B-4A884F41B7F2}.Release|x64.ActiveCfg = Release|Any CPU
		{1AE9F386-0B93-4CFD-B44B-4A884F41B7F2}.Release|x64.Build.0 = Release|Any CPU
		{1AE9F386-0B93-4CFD-B44B-4A884F41B7F2}.Release|x86.ActiveCfg = Release|Any CPU
		{1AE9F386-0B93-4CFD-B44B-4A884F41B7F2}.Release|x86.Build.0 = Release|Any CPU
		{F68FB7F7-3DD5-43FD-93DE-4C402DF0E4B9}.Debug|Any CPU.ActiveCfg = Debug|Any CPU
		{F68FB7F7-3DD5-43FD-93DE-4C402DF0E4B9}.Debug|Any CPU.Build.0 = Debug|Any CPU
		{F68FB7F7-3DD5-43FD-93DE-4C402DF0E4B9}.Debug|ARM.ActiveCfg = Debug|Any CPU
		{F68FB7F7-3DD5-43FD-93DE-4C402DF0E4B9}.Debug|ARM.Build.0 = Debug|Any CPU
		{F68FB7F7-3DD5-43FD-93DE-4C402DF0E4B9}.Debug|DIRECTX11_2.ActiveCfg = Debug|Any CPU
		{F68FB7F7-3DD5-43FD-93DE-4C402DF0E4B9}.Debug|DIRECTX11_2.Build.0 = Debug|Any CPU
		{F68FB7F7-3DD5-43FD-93DE-4C402DF0E4B9}.Debug|Net20.ActiveCfg = Debug|Any CPU
		{F68FB7F7-3DD5-43FD-93DE-4C402DF0E4B9}.Debug|Net20.Build.0 = Debug|Any CPU
		{F68FB7F7-3DD5-43FD-93DE-4C402DF0E4B9}.Debug|Net40.ActiveCfg = Debug|Any CPU
		{F68FB7F7-3DD5-43FD-93DE-4C402DF0E4B9}.Debug|Net40.Build.0 = Debug|Any CPU
		{F68FB7F7-3DD5-43FD-93DE-4C402DF0E4B9}.Debug|Win8.ActiveCfg = Debug|Any CPU
		{F68FB7F7-3DD5-43FD-93DE-4C402DF0E4B9}.Debug|Win8.Build.0 = Debug|Any CPU
		{F68FB7F7-3DD5-43FD-93DE-4C402DF0E4B9}.Debug|WP81.ActiveCfg = Debug|Any CPU
		{F68FB7F7-3DD5-43FD-93DE-4C402DF0E4B9}.Debug|WP81.Build.0 = Debug|Any CPU
		{F68FB7F7-3DD5-43FD-93DE-4C402DF0E4B9}.Debug|WP8-ARM.ActiveCfg = Debug|Any CPU
		{F68FB7F7-3DD5-43FD-93DE-4C402DF0E4B9}.Debug|WP8-ARM.Build.0 = Debug|Any CPU
		{F68FB7F7-3DD5-43FD-93DE-4C402DF0E4B9}.Debug|WP8-x86.ActiveCfg = Debug|Any CPU
		{F68FB7F7-3DD5-43FD-93DE-4C402DF0E4B9}.Debug|WP8-x86.Build.0 = Debug|Any CPU
		{F68FB7F7-3DD5-43FD-93DE-4C402DF0E4B9}.Debug|x64.ActiveCfg = Debug|Any CPU
		{F68FB7F7-3DD5-43FD-93DE-4C402DF0E4B9}.Debug|x64.Build.0 = Debug|Any CPU
		{F68FB7F7-3DD5-43FD-93DE-4C402DF0E4B9}.Debug|x86.ActiveCfg = Debug|Any CPU
		{F68FB7F7-3DD5-43FD-93DE-4C402DF0E4B9}.Debug|x86.Build.0 = Debug|Any CPU
		{F68FB7F7-3DD5-43FD-93DE-4C402DF0E4B9}.Release|Any CPU.ActiveCfg = Release|Any CPU
		{F68FB7F7-3DD5-43FD-93DE-4C402DF0E4B9}.Release|Any CPU.Build.0 = Release|Any CPU
		{F68FB7F7-3DD5-43FD-93DE-4C402DF0E4B9}.Release|ARM.ActiveCfg = Release|Any CPU
		{F68FB7F7-3DD5-43FD-93DE-4C402DF0E4B9}.Release|ARM.Build.0 = Release|Any CPU
		{F68FB7F7-3DD5-43FD-93DE-4C402DF0E4B9}.Release|DIRECTX11_2.ActiveCfg = Release|Any CPU
		{F68FB7F7-3DD5-43FD-93DE-4C402DF0E4B9}.Release|DIRECTX11_2.Build.0 = Release|Any CPU
		{F68FB7F7-3DD5-43FD-93DE-4C402DF0E4B9}.Release|Net20.ActiveCfg = Release|Any CPU
		{F68FB7F7-3DD5-43FD-93DE-4C402DF0E4B9}.Release|Net20.Build.0 = Release|Any CPU
		{F68FB7F7-3DD5-43FD-93DE-4C402DF0E4B9}.Release|Net40.ActiveCfg = Release|Any CPU
		{F68FB7F7-3DD5-43FD-93DE-4C402DF0E4B9}.Release|Net40.Build.0 = Release|Any CPU
		{F68FB7F7-3DD5-43FD-93DE-4C402DF0E4B9}.Release|Win8.ActiveCfg = Release|Any CPU
		{F68FB7F7-3DD5-43FD-93DE-4C402DF0E4B9}.Release|Win8.Build.0 = Release|Any CPU
		{F68FB7F7-3DD5-43FD-93DE-4C402DF0E4B9}.Release|WP81.ActiveCfg = Release|Any CPU
		{F68FB7F7-3DD5-43FD-93DE-4C402DF0E4B9}.Release|WP81.Build.0 = Release|Any CPU
		{F68FB7F7-3DD5-43FD-93DE-4C402DF0E4B9}.Release|WP8-ARM.ActiveCfg = Release|Any CPU
		{F68FB7F7-3DD5-43FD-93DE-4C402DF0E4B9}.Release|WP8-ARM.Build.0 = Release|Any CPU
		{F68FB7F7-3DD5-43FD-93DE-4C402DF0E4B9}.Release|WP8-x86.ActiveCfg = Release|Any CPU
		{F68FB7F7-3DD5-43FD-93DE-4C402DF0E4B9}.Release|WP8-x86.Build.0 = Release|Any CPU
		{F68FB7F7-3DD5-43FD-93DE-4C402DF0E4B9}.Release|x64.ActiveCfg = Release|Any CPU
		{F68FB7F7-3DD5-43FD-93DE-4C402DF0E4B9}.Release|x64.Build.0 = Release|Any CPU
		{F68FB7F7-3DD5-43FD-93DE-4C402DF0E4B9}.Release|x86.ActiveCfg = Release|Any CPU
		{F68FB7F7-3DD5-43FD-93DE-4C402DF0E4B9}.Release|x86.Build.0 = Release|Any CPU
		{0847443D-55EB-440D-B6FF-D5D005312D6C}.Debug|Any CPU.ActiveCfg = Debug|Any CPU
		{0847443D-55EB-440D-B6FF-D5D005312D6C}.Debug|Any CPU.Build.0 = Debug|Any CPU
		{0847443D-55EB-440D-B6FF-D5D005312D6C}.Debug|ARM.ActiveCfg = Debug|Any CPU
		{0847443D-55EB-440D-B6FF-D5D005312D6C}.Debug|ARM.Build.0 = Debug|Any CPU
		{0847443D-55EB-440D-B6FF-D5D005312D6C}.Debug|DIRECTX11_2.ActiveCfg = Debug|Any CPU
		{0847443D-55EB-440D-B6FF-D5D005312D6C}.Debug|DIRECTX11_2.Build.0 = Debug|Any CPU
		{0847443D-55EB-440D-B6FF-D5D005312D6C}.Debug|Net20.ActiveCfg = Debug|Any CPU
		{0847443D-55EB-440D-B6FF-D5D005312D6C}.Debug|Net20.Build.0 = Debug|Any CPU
		{0847443D-55EB-440D-B6FF-D5D005312D6C}.Debug|Net40.ActiveCfg = Debug|Any CPU
		{0847443D-55EB-440D-B6FF-D5D005312D6C}.Debug|Net40.Build.0 = Debug|Any CPU
		{0847443D-55EB-440D-B6FF-D5D005312D6C}.Debug|Win8.ActiveCfg = Debug|Any CPU
		{0847443D-55EB-440D-B6FF-D5D005312D6C}.Debug|Win8.Build.0 = Debug|Any CPU
		{0847443D-55EB-440D-B6FF-D5D005312D6C}.Debug|WP81.ActiveCfg = Debug|Any CPU
		{0847443D-55EB-440D-B6FF-D5D005312D6C}.Debug|WP81.Build.0 = Debug|Any CPU
		{0847443D-55EB-440D-B6FF-D5D005312D6C}.Debug|WP8-ARM.ActiveCfg = Debug|Any CPU
		{0847443D-55EB-440D-B6FF-D5D005312D6C}.Debug|WP8-ARM.Build.0 = Debug|Any CPU
		{0847443D-55EB-440D-B6FF-D5D005312D6C}.Debug|WP8-x86.ActiveCfg = Debug|Any CPU
		{0847443D-55EB-440D-B6FF-D5D005312D6C}.Debug|WP8-x86.Build.0 = Debug|Any CPU
		{0847443D-55EB-440D-B6FF-D5D005312D6C}.Debug|x64.ActiveCfg = Debug|Any CPU
		{0847443D-55EB-440D-B6FF-D5D005312D6C}.Debug|x64.Build.0 = Debug|Any CPU
		{0847443D-55EB-440D-B6FF-D5D005312D6C}.Debug|x86.ActiveCfg = Debug|Any CPU
		{0847443D-55EB-440D-B6FF-D5D005312D6C}.Debug|x86.Build.0 = Debug|Any CPU
		{0847443D-55EB-440D-B6FF-D5D005312D6C}.Release|Any CPU.ActiveCfg = Release|Any CPU
		{0847443D-55EB-440D-B6FF-D5D005312D6C}.Release|Any CPU.Build.0 = Release|Any CPU
		{0847443D-55EB-440D-B6FF-D5D005312D6C}.Release|ARM.ActiveCfg = Release|Any CPU
		{0847443D-55EB-440D-B6FF-D5D005312D6C}.Release|ARM.Build.0 = Release|Any CPU
		{0847443D-55EB-440D-B6FF-D5D005312D6C}.Release|DIRECTX11_2.ActiveCfg = Release|Any CPU
		{0847443D-55EB-440D-B6FF-D5D005312D6C}.Release|DIRECTX11_2.Build.0 = Release|Any CPU
		{0847443D-55EB-440D-B6FF-D5D005312D6C}.Release|Net20.ActiveCfg = Release|Any CPU
		{0847443D-55EB-440D-B6FF-D5D005312D6C}.Release|Net20.Build.0 = Release|Any CPU
		{0847443D-55EB-440D-B6FF-D5D005312D6C}.Release|Net40.ActiveCfg = Release|Any CPU
		{0847443D-55EB-440D-B6FF-D5D005312D6C}.Release|Net40.Build.0 = Release|Any CPU
		{0847443D-55EB-440D-B6FF-D5D005312D6C}.Release|Win8.ActiveCfg = Release|Any CPU
		{0847443D-55EB-440D-B6FF-D5D005312D6C}.Release|Win8.Build.0 = Release|Any CPU
		{0847443D-55EB-440D-B6FF-D5D005312D6C}.Release|WP81.ActiveCfg = Release|Any CPU
		{0847443D-55EB-440D-B6FF-D5D005312D6C}.Release|WP81.Build.0 = Release|Any CPU
		{0847443D-55EB-440D-B6FF-D5D005312D6C}.Release|WP8-ARM.ActiveCfg = Release|Any CPU
		{0847443D-55EB-440D-B6FF-D5D005312D6C}.Release|WP8-ARM.Build.0 = Release|Any CPU
		{0847443D-55EB-440D-B6FF-D5D005312D6C}.Release|WP8-x86.ActiveCfg = Release|Any CPU
		{0847443D-55EB-440D-B6FF-D5D005312D6C}.Release|WP8-x86.Build.0 = Release|Any CPU
		{0847443D-55EB-440D-B6FF-D5D005312D6C}.Release|x64.ActiveCfg = Release|Any CPU
		{0847443D-55EB-440D-B6FF-D5D005312D6C}.Release|x64.Build.0 = Release|Any CPU
		{0847443D-55EB-440D-B6FF-D5D005312D6C}.Release|x86.ActiveCfg = Release|Any CPU
		{0847443D-55EB-440D-B6FF-D5D005312D6C}.Release|x86.Build.0 = Release|Any CPU
		{CCDE9ED0-7CCA-4D77-BD31-1873113CB953}.Debug|Any CPU.ActiveCfg = Debug|Any CPU
		{CCDE9ED0-7CCA-4D77-BD31-1873113CB953}.Debug|Any CPU.Build.0 = Debug|Any CPU
		{CCDE9ED0-7CCA-4D77-BD31-1873113CB953}.Debug|ARM.ActiveCfg = Debug|Any CPU
		{CCDE9ED0-7CCA-4D77-BD31-1873113CB953}.Debug|ARM.Build.0 = Debug|Any CPU
		{CCDE9ED0-7CCA-4D77-BD31-1873113CB953}.Debug|DIRECTX11_2.ActiveCfg = Debug|Any CPU
		{CCDE9ED0-7CCA-4D77-BD31-1873113CB953}.Debug|DIRECTX11_2.Build.0 = Debug|Any CPU
		{CCDE9ED0-7CCA-4D77-BD31-1873113CB953}.Debug|Net20.ActiveCfg = Debug|Any CPU
		{CCDE9ED0-7CCA-4D77-BD31-1873113CB953}.Debug|Net20.Build.0 = Debug|Any CPU
		{CCDE9ED0-7CCA-4D77-BD31-1873113CB953}.Debug|Net40.ActiveCfg = Debug|Any CPU
		{CCDE9ED0-7CCA-4D77-BD31-1873113CB953}.Debug|Net40.Build.0 = Debug|Any CPU
		{CCDE9ED0-7CCA-4D77-BD31-1873113CB953}.Debug|Win8.ActiveCfg = Debug|Any CPU
		{CCDE9ED0-7CCA-4D77-BD31-1873113CB953}.Debug|Win8.Build.0 = Debug|Any CPU
		{CCDE9ED0-7CCA-4D77-BD31-1873113CB953}.Debug|WP81.ActiveCfg = Debug|Any CPU
		{CCDE9ED0-7CCA-4D77-BD31-1873113CB953}.Debug|WP81.Build.0 = Debug|Any CPU
		{CCDE9ED0-7CCA-4D77-BD31-1873113CB953}.Debug|WP8-ARM.ActiveCfg = Debug|Any CPU
		{CCDE9ED0-7CCA-4D77-BD31-1873113CB953}.Debug|WP8-ARM.Build.0 = Debug|Any CPU
		{CCDE9ED0-7CCA-4D77-BD31-1873113CB953}.Debug|WP8-x86.ActiveCfg = Debug|Any CPU
		{CCDE9ED0-7CCA-4D77-BD31-1873113CB953}.Debug|WP8-x86.Build.0 = Debug|Any CPU
		{CCDE9ED0-7CCA-4D77-BD31-1873113CB953}.Debug|x64.ActiveCfg = Debug|Any CPU
		{CCDE9ED0-7CCA-4D77-BD31-1873113CB953}.Debug|x64.Build.0 = Debug|Any CPU
		{CCDE9ED0-7CCA-4D77-BD31-1873113CB953}.Debug|x86.ActiveCfg = Debug|Any CPU
		{CCDE9ED0-7CCA-4D77-BD31-1873113CB953}.Debug|x86.Build.0 = Debug|Any CPU
		{CCDE9ED0-7CCA-4D77-BD31-1873113CB953}.Release|Any CPU.ActiveCfg = Release|Any CPU
		{CCDE9ED0-7CCA-4D77-BD31-1873113CB953}.Release|Any CPU.Build.0 = Release|Any CPU
		{CCDE9ED0-7CCA-4D77-BD31-1873113CB953}.Release|ARM.ActiveCfg = Release|Any CPU
		{CCDE9ED0-7CCA-4D77-BD31-1873113CB953}.Release|ARM.Build.0 = Release|Any CPU
		{CCDE9ED0-7CCA-4D77-BD31-1873113CB953}.Release|DIRECTX11_2.ActiveCfg = Release|Any CPU
		{CCDE9ED0-7CCA-4D77-BD31-1873113CB953}.Release|DIRECTX11_2.Build.0 = Release|Any CPU
		{CCDE9ED0-7CCA-4D77-BD31-1873113CB953}.Release|Net20.ActiveCfg = Release|Any CPU
		{CCDE9ED0-7CCA-4D77-BD31-1873113CB953}.Release|Net20.Build.0 = Release|Any CPU
		{CCDE9ED0-7CCA-4D77-BD31-1873113CB953}.Release|Net40.ActiveCfg = Release|Any CPU
		{CCDE9ED0-7CCA-4D77-BD31-1873113CB953}.Release|Net40.Build.0 = Release|Any CPU
		{CCDE9ED0-7CCA-4D77-BD31-1873113CB953}.Release|Win8.ActiveCfg = Release|Any CPU
		{CCDE9ED0-7CCA-4D77-BD31-1873113CB953}.Release|Win8.Build.0 = Release|Any CPU
		{CCDE9ED0-7CCA-4D77-BD31-1873113CB953}.Release|WP81.ActiveCfg = Release|Any CPU
		{CCDE9ED0-7CCA-4D77-BD31-1873113CB953}.Release|WP81.Build.0 = Release|Any CPU
		{CCDE9ED0-7CCA-4D77-BD31-1873113CB953}.Release|WP8-ARM.ActiveCfg = Release|Any CPU
		{CCDE9ED0-7CCA-4D77-BD31-1873113CB953}.Release|WP8-ARM.Build.0 = Release|Any CPU
		{CCDE9ED0-7CCA-4D77-BD31-1873113CB953}.Release|WP8-x86.ActiveCfg = Release|Any CPU
		{CCDE9ED0-7CCA-4D77-BD31-1873113CB953}.Release|WP8-x86.Build.0 = Release|Any CPU
		{CCDE9ED0-7CCA-4D77-BD31-1873113CB953}.Release|x64.ActiveCfg = Release|Any CPU
		{CCDE9ED0-7CCA-4D77-BD31-1873113CB953}.Release|x64.Build.0 = Release|Any CPU
		{CCDE9ED0-7CCA-4D77-BD31-1873113CB953}.Release|x86.ActiveCfg = Release|Any CPU
		{CCDE9ED0-7CCA-4D77-BD31-1873113CB953}.Release|x86.Build.0 = Release|Any CPU
		{9BDFAC16-CDB6-40DF-BF55-ADD0F305A0D7}.Debug|Any CPU.ActiveCfg = Debug|Any CPU
		{9BDFAC16-CDB6-40DF-BF55-ADD0F305A0D7}.Debug|Any CPU.Build.0 = Debug|Any CPU
		{9BDFAC16-CDB6-40DF-BF55-ADD0F305A0D7}.Debug|ARM.ActiveCfg = Debug|Any CPU
		{9BDFAC16-CDB6-40DF-BF55-ADD0F305A0D7}.Debug|ARM.Build.0 = Debug|Any CPU
		{9BDFAC16-CDB6-40DF-BF55-ADD0F305A0D7}.Debug|DIRECTX11_2.ActiveCfg = Debug|Any CPU
		{9BDFAC16-CDB6-40DF-BF55-ADD0F305A0D7}.Debug|DIRECTX11_2.Build.0 = Debug|Any CPU
		{9BDFAC16-CDB6-40DF-BF55-ADD0F305A0D7}.Debug|Net20.ActiveCfg = Debug|Any CPU
		{9BDFAC16-CDB6-40DF-BF55-ADD0F305A0D7}.Debug|Net20.Build.0 = Debug|Any CPU
		{9BDFAC16-CDB6-40DF-BF55-ADD0F305A0D7}.Debug|Net40.ActiveCfg = Debug|Any CPU
		{9BDFAC16-CDB6-40DF-BF55-ADD0F305A0D7}.Debug|Net40.Build.0 = Debug|Any CPU
		{9BDFAC16-CDB6-40DF-BF55-ADD0F305A0D7}.Debug|Win8.ActiveCfg = Debug|Any CPU
		{9BDFAC16-CDB6-40DF-BF55-ADD0F305A0D7}.Debug|Win8.Build.0 = Debug|Any CPU
		{9BDFAC16-CDB6-40DF-BF55-ADD0F305A0D7}.Debug|WP81.ActiveCfg = Debug|Any CPU
		{9BDFAC16-CDB6-40DF-BF55-ADD0F305A0D7}.Debug|WP81.Build.0 = Debug|Any CPU
		{9BDFAC16-CDB6-40DF-BF55-ADD0F305A0D7}.Debug|WP8-ARM.ActiveCfg = Debug|Any CPU
		{9BDFAC16-CDB6-40DF-BF55-ADD0F305A0D7}.Debug|WP8-ARM.Build.0 = Debug|Any CPU
		{9BDFAC16-CDB6-40DF-BF55-ADD0F305A0D7}.Debug|WP8-x86.ActiveCfg = Debug|Any CPU
		{9BDFAC16-CDB6-40DF-BF55-ADD0F305A0D7}.Debug|WP8-x86.Build.0 = Debug|Any CPU
		{9BDFAC16-CDB6-40DF-BF55-ADD0F305A0D7}.Debug|x64.ActiveCfg = Debug|Any CPU
		{9BDFAC16-CDB6-40DF-BF55-ADD0F305A0D7}.Debug|x64.Build.0 = Debug|Any CPU
		{9BDFAC16-CDB6-40DF-BF55-ADD0F305A0D7}.Debug|x86.ActiveCfg = Debug|Any CPU
		{9BDFAC16-CDB6-40DF-BF55-ADD0F305A0D7}.Debug|x86.Build.0 = Debug|Any CPU
		{9BDFAC16-CDB6-40DF-BF55-ADD0F305A0D7}.Release|Any CPU.ActiveCfg = Release|Any CPU
		{9BDFAC16-CDB6-40DF-BF55-ADD0F305A0D7}.Release|Any CPU.Build.0 = Release|Any CPU
		{9BDFAC16-CDB6-40DF-BF55-ADD0F305A0D7}.Release|ARM.ActiveCfg = Release|Any CPU
		{9BDFAC16-CDB6-40DF-BF55-ADD0F305A0D7}.Release|ARM.Build.0 = Release|Any CPU
		{9BDFAC16-CDB6-40DF-BF55-ADD0F305A0D7}.Release|DIRECTX11_2.ActiveCfg = Release|Any CPU
		{9BDFAC16-CDB6-40DF-BF55-ADD0F305A0D7}.Release|DIRECTX11_2.Build.0 = Release|Any CPU
		{9BDFAC16-CDB6-40DF-BF55-ADD0F305A0D7}.Release|Net20.ActiveCfg = Release|Any CPU
		{9BDFAC16-CDB6-40DF-BF55-ADD0F305A0D7}.Release|Net20.Build.0 = Release|Any CPU
		{9BDFAC16-CDB6-40DF-BF55-ADD0F305A0D7}.Release|Net40.ActiveCfg = Release|Any CPU
		{9BDFAC16-CDB6-40DF-BF55-ADD0F305A0D7}.Release|Net40.Build.0 = Release|Any CPU
		{9BDFAC16-CDB6-40DF-BF55-ADD0F305A0D7}.Release|Win8.ActiveCfg = Release|Any CPU
		{9BDFAC16-CDB6-40DF-BF55-ADD0F305A0D7}.Release|Win8.Build.0 = Release|Any CPU
		{9BDFAC16-CDB6-40DF-BF55-ADD0F305A0D7}.Release|WP81.ActiveCfg = Release|Any CPU
		{9BDFAC16-CDB6-40DF-BF55-ADD0F305A0D7}.Release|WP81.Build.0 = Release|Any CPU
		{9BDFAC16-CDB6-40DF-BF55-ADD0F305A0D7}.Release|WP8-ARM.ActiveCfg = Release|Any CPU
		{9BDFAC16-CDB6-40DF-BF55-ADD0F305A0D7}.Release|WP8-ARM.Build.0 = Release|Any CPU
		{9BDFAC16-CDB6-40DF-BF55-ADD0F305A0D7}.Release|WP8-x86.ActiveCfg = Release|Any CPU
		{9BDFAC16-CDB6-40DF-BF55-ADD0F305A0D7}.Release|WP8-x86.Build.0 = Release|Any CPU
		{9BDFAC16-CDB6-40DF-BF55-ADD0F305A0D7}.Release|x64.ActiveCfg = Release|Any CPU
		{9BDFAC16-CDB6-40DF-BF55-ADD0F305A0D7}.Release|x64.Build.0 = Release|Any CPU
		{9BDFAC16-CDB6-40DF-BF55-ADD0F305A0D7}.Release|x86.ActiveCfg = Release|Any CPU
		{9BDFAC16-CDB6-40DF-BF55-ADD0F305A0D7}.Release|x86.Build.0 = Release|Any CPU
		{753BE409-7268-48F1-BB45-D568EF1E5E1B}.Debug|Any CPU.ActiveCfg = Debug|Any CPU
		{753BE409-7268-48F1-BB45-D568EF1E5E1B}.Debug|Any CPU.Build.0 = Debug|Any CPU
		{753BE409-7268-48F1-BB45-D568EF1E5E1B}.Debug|ARM.ActiveCfg = Debug|Any CPU
		{753BE409-7268-48F1-BB45-D568EF1E5E1B}.Debug|ARM.Build.0 = Debug|Any CPU
		{753BE409-7268-48F1-BB45-D568EF1E5E1B}.Debug|DIRECTX11_2.ActiveCfg = Debug|Any CPU
		{753BE409-7268-48F1-BB45-D568EF1E5E1B}.Debug|DIRECTX11_2.Build.0 = Debug|Any CPU
		{753BE409-7268-48F1-BB45-D568EF1E5E1B}.Debug|Net20.ActiveCfg = Debug|Any CPU
		{753BE409-7268-48F1-BB45-D568EF1E5E1B}.Debug|Net20.Build.0 = Debug|Any CPU
		{753BE409-7268-48F1-BB45-D568EF1E5E1B}.Debug|Net40.ActiveCfg = Debug|Any CPU
		{753BE409-7268-48F1-BB45-D568EF1E5E1B}.Debug|Net40.Build.0 = Debug|Any CPU
		{753BE409-7268-48F1-BB45-D568EF1E5E1B}.Debug|Win8.ActiveCfg = Debug|Any CPU
		{753BE409-7268-48F1-BB45-D568EF1E5E1B}.Debug|Win8.Build.0 = Debug|Any CPU
		{753BE409-7268-48F1-BB45-D568EF1E5E1B}.Debug|WP81.ActiveCfg = Debug|Any CPU
		{753BE409-7268-48F1-BB45-D568EF1E5E1B}.Debug|WP81.Build.0 = Debug|Any CPU
		{753BE409-7268-48F1-BB45-D568EF1E5E1B}.Debug|WP8-ARM.ActiveCfg = Debug|Any CPU
		{753BE409-7268-48F1-BB45-D568EF1E5E1B}.Debug|WP8-ARM.Build.0 = Debug|Any CPU
		{753BE409-7268-48F1-BB45-D568EF1E5E1B}.Debug|WP8-x86.ActiveCfg = Debug|Any CPU
		{753BE409-7268-48F1-BB45-D568EF1E5E1B}.Debug|WP8-x86.Build.0 = Debug|Any CPU
		{753BE409-7268-48F1-BB45-D568EF1E5E1B}.Debug|x64.ActiveCfg = Debug|Any CPU
		{753BE409-7268-48F1-BB45-D568EF1E5E1B}.Debug|x64.Build.0 = Debug|Any CPU
		{753BE409-7268-48F1-BB45-D568EF1E5E1B}.Debug|x86.ActiveCfg = Debug|Any CPU
		{753BE409-7268-48F1-BB45-D568EF1E5E1B}.Debug|x86.Build.0 = Debug|Any CPU
		{753BE409-7268-48F1-BB45-D568EF1E5E1B}.Release|Any CPU.ActiveCfg = Release|Any CPU
		{753BE409-7268-48F1-BB45-D568EF1E5E1B}.Release|Any CPU.Build.0 = Release|Any CPU
		{753BE409-7268-48F1-BB45-D568EF1E5E1B}.Release|ARM.ActiveCfg = Release|Any CPU
		{753BE409-7268-48F1-BB45-D568EF1E5E1B}.Release|ARM.Build.0 = Release|Any CPU
		{753BE409-7268-48F1-BB45-D568EF1E5E1B}.Release|DIRECTX11_2.ActiveCfg = Release|Any CPU
		{753BE409-7268-48F1-BB45-D568EF1E5E1B}.Release|DIRECTX11_2.Build.0 = Release|Any CPU
		{753BE409-7268-48F1-BB45-D568EF1E5E1B}.Release|Net20.ActiveCfg = Release|Any CPU
		{753BE409-7268-48F1-BB45-D568EF1E5E1B}.Release|Net20.Build.0 = Release|Any CPU
		{753BE409-7268-48F1-BB45-D568EF1E5E1B}.Release|Net40.ActiveCfg = Release|Any CPU
		{753BE409-7268-48F1-BB45-D568EF1E5E1B}.Release|Net40.Build.0 = Release|Any CPU
		{753BE409-7268-48F1-BB45-D568EF1E5E1B}.Release|Win8.ActiveCfg = Release|Any CPU
		{753BE409-7268-48F1-BB45-D568EF1E5E1B}.Release|Win8.Build.0 = Release|Any CPU
		{753BE409-7268-48F1-BB45-D568EF1E5E1B}.Release|WP81.ActiveCfg = Release|Any CPU
		{753BE409-7268-48F1-BB45-D568EF1E5E1B}.Release|WP81.Build.0 = Release|Any CPU
		{753BE409-7268-48F1-BB45-D568EF1E5E1B}.Release|WP8-ARM.ActiveCfg = Release|Any CPU
		{753BE409-7268-48F1-BB45-D568EF1E5E1B}.Release|WP8-ARM.Build.0 = Release|Any CPU
		{753BE409-7268-48F1-BB45-D568EF1E5E1B}.Release|WP8-x86.ActiveCfg = Release|Any CPU
		{753BE409-7268-48F1-BB45-D568EF1E5E1B}.Release|WP8-x86.Build.0 = Release|Any CPU
		{753BE409-7268-48F1-BB45-D568EF1E5E1B}.Release|x64.ActiveCfg = Release|Any CPU
		{753BE409-7268-48F1-BB45-D568EF1E5E1B}.Release|x64.Build.0 = Release|Any CPU
		{753BE409-7268-48F1-BB45-D568EF1E5E1B}.Release|x86.ActiveCfg = Release|Any CPU
		{753BE409-7268-48F1-BB45-D568EF1E5E1B}.Release|x86.Build.0 = Release|Any CPU
		{6FF88A1F-E638-4EDA-9BAC-E8A4A44A373B}.Debug|Any CPU.ActiveCfg = Debug|Any CPU
		{6FF88A1F-E638-4EDA-9BAC-E8A4A44A373B}.Debug|Any CPU.Build.0 = Debug|Any CPU
		{6FF88A1F-E638-4EDA-9BAC-E8A4A44A373B}.Debug|ARM.ActiveCfg = Debug|Any CPU
		{6FF88A1F-E638-4EDA-9BAC-E8A4A44A373B}.Debug|ARM.Build.0 = Debug|Any CPU
		{6FF88A1F-E638-4EDA-9BAC-E8A4A44A373B}.Debug|DIRECTX11_2.ActiveCfg = Debug|Any CPU
		{6FF88A1F-E638-4EDA-9BAC-E8A4A44A373B}.Debug|DIRECTX11_2.Build.0 = Debug|Any CPU
		{6FF88A1F-E638-4EDA-9BAC-E8A4A44A373B}.Debug|Net20.ActiveCfg = Debug|Any CPU
		{6FF88A1F-E638-4EDA-9BAC-E8A4A44A373B}.Debug|Net20.Build.0 = Debug|Any CPU
		{6FF88A1F-E638-4EDA-9BAC-E8A4A44A373B}.Debug|Net40.ActiveCfg = Debug|Any CPU
		{6FF88A1F-E638-4EDA-9BAC-E8A4A44A373B}.Debug|Net40.Build.0 = Debug|Any CPU
		{6FF88A1F-E638-4EDA-9BAC-E8A4A44A373B}.Debug|Win8.ActiveCfg = Debug|Any CPU
		{6FF88A1F-E638-4EDA-9BAC-E8A4A44A373B}.Debug|Win8.Build.0 = Debug|Any CPU
		{6FF88A1F-E638-4EDA-9BAC-E8A4A44A373B}.Debug|WP81.ActiveCfg = Debug|Any CPU
		{6FF88A1F-E638-4EDA-9BAC-E8A4A44A373B}.Debug|WP81.Build.0 = Debug|Any CPU
		{6FF88A1F-E638-4EDA-9BAC-E8A4A44A373B}.Debug|WP8-ARM.ActiveCfg = Debug|Any CPU
		{6FF88A1F-E638-4EDA-9BAC-E8A4A44A373B}.Debug|WP8-ARM.Build.0 = Debug|Any CPU
		{6FF88A1F-E638-4EDA-9BAC-E8A4A44A373B}.Debug|WP8-x86.ActiveCfg = Debug|Any CPU
		{6FF88A1F-E638-4EDA-9BAC-E8A4A44A373B}.Debug|WP8-x86.Build.0 = Debug|Any CPU
		{6FF88A1F-E638-4EDA-9BAC-E8A4A44A373B}.Debug|x64.ActiveCfg = Debug|Any CPU
		{6FF88A1F-E638-4EDA-9BAC-E8A4A44A373B}.Debug|x64.Build.0 = Debug|Any CPU
		{6FF88A1F-E638-4EDA-9BAC-E8A4A44A373B}.Debug|x86.ActiveCfg = Debug|Any CPU
		{6FF88A1F-E638-4EDA-9BAC-E8A4A44A373B}.Debug|x86.Build.0 = Debug|Any CPU
		{6FF88A1F-E638-4EDA-9BAC-E8A4A44A373B}.Release|Any CPU.ActiveCfg = Release|Any CPU
		{6FF88A1F-E638-4EDA-9BAC-E8A4A44A373B}.Release|Any CPU.Build.0 = Release|Any CPU
		{6FF88A1F-E638-4EDA-9BAC-E8A4A44A373B}.Release|ARM.ActiveCfg = Release|Any CPU
		{6FF88A1F-E638-4EDA-9BAC-E8A4A44A373B}.Release|ARM.Build.0 = Release|Any CPU
		{6FF88A1F-E638-4EDA-9BAC-E8A4A44A373B}.Release|DIRECTX11_2.ActiveCfg = Release|Any CPU
		{6FF88A1F-E638-4EDA-9BAC-E8A4A44A373B}.Release|DIRECTX11_2.Build.0 = Release|Any CPU
		{6FF88A1F-E638-4EDA-9BAC-E8A4A44A373B}.Release|Net20.ActiveCfg = Release|Any CPU
		{6FF88A1F-E638-4EDA-9BAC-E8A4A44A373B}.Release|Net20.Build.0 = Release|Any CPU
		{6FF88A1F-E638-4EDA-9BAC-E8A4A44A373B}.Release|Net40.ActiveCfg = Release|Any CPU
		{6FF88A1F-E638-4EDA-9BAC-E8A4A44A373B}.Release|Net40.Build.0 = Release|Any CPU
		{6FF88A1F-E638-4EDA-9BAC-E8A4A44A373B}.Release|Win8.ActiveCfg = Release|Any CPU
		{6FF88A1F-E638-4EDA-9BAC-E8A4A44A373B}.Release|Win8.Build.0 = Release|Any CPU
		{6FF88A1F-E638-4EDA-9BAC-E8A4A44A373B}.Release|WP81.ActiveCfg = Release|Any CPU
		{6FF88A1F-E638-4EDA-9BAC-E8A4A44A373B}.Release|WP81.Build.0 = Release|Any CPU
		{6FF88A1F-E638-4EDA-9BAC-E8A4A44A373B}.Release|WP8-ARM.ActiveCfg = Release|Any CPU
		{6FF88A1F-E638-4EDA-9BAC-E8A4A44A373B}.Release|WP8-ARM.Build.0 = Release|Any CPU
		{6FF88A1F-E638-4EDA-9BAC-E8A4A44A373B}.Release|WP8-x86.ActiveCfg = Release|Any CPU
		{6FF88A1F-E638-4EDA-9BAC-E8A4A44A373B}.Release|WP8-x86.Build.0 = Release|Any CPU
		{6FF88A1F-E638-4EDA-9BAC-E8A4A44A373B}.Release|x64.ActiveCfg = Release|Any CPU
		{6FF88A1F-E638-4EDA-9BAC-E8A4A44A373B}.Release|x64.Build.0 = Release|Any CPU
		{6FF88A1F-E638-4EDA-9BAC-E8A4A44A373B}.Release|x86.ActiveCfg = Release|Any CPU
		{6FF88A1F-E638-4EDA-9BAC-E8A4A44A373B}.Release|x86.Build.0 = Release|Any CPU
		{92912C38-0B74-4F4A-A54A-94DC70E7CB3B}.Debug|Any CPU.ActiveCfg = Debug|Any CPU
		{92912C38-0B74-4F4A-A54A-94DC70E7CB3B}.Debug|Any CPU.Build.0 = Debug|Any CPU
		{92912C38-0B74-4F4A-A54A-94DC70E7CB3B}.Debug|ARM.ActiveCfg = Debug|Any CPU
		{92912C38-0B74-4F4A-A54A-94DC70E7CB3B}.Debug|ARM.Build.0 = Debug|Any CPU
		{92912C38-0B74-4F4A-A54A-94DC70E7CB3B}.Debug|DIRECTX11_2.ActiveCfg = Debug|Any CPU
		{92912C38-0B74-4F4A-A54A-94DC70E7CB3B}.Debug|DIRECTX11_2.Build.0 = Debug|Any CPU
		{92912C38-0B74-4F4A-A54A-94DC70E7CB3B}.Debug|Net20.ActiveCfg = Debug|Any CPU
		{92912C38-0B74-4F4A-A54A-94DC70E7CB3B}.Debug|Net20.Build.0 = Debug|Any CPU
		{92912C38-0B74-4F4A-A54A-94DC70E7CB3B}.Debug|Net40.ActiveCfg = Debug|Any CPU
		{92912C38-0B74-4F4A-A54A-94DC70E7CB3B}.Debug|Net40.Build.0 = Debug|Any CPU
		{92912C38-0B74-4F4A-A54A-94DC70E7CB3B}.Debug|Win8.ActiveCfg = Debug|Any CPU
		{92912C38-0B74-4F4A-A54A-94DC70E7CB3B}.Debug|Win8.Build.0 = Debug|Any CPU
		{92912C38-0B74-4F4A-A54A-94DC70E7CB3B}.Debug|WP81.ActiveCfg = Debug|Any CPU
		{92912C38-0B74-4F4A-A54A-94DC70E7CB3B}.Debug|WP81.Build.0 = Debug|Any CPU
		{92912C38-0B74-4F4A-A54A-94DC70E7CB3B}.Debug|WP8-ARM.ActiveCfg = Debug|Any CPU
		{92912C38-0B74-4F4A-A54A-94DC70E7CB3B}.Debug|WP8-ARM.Build.0 = Debug|Any CPU
		{92912C38-0B74-4F4A-A54A-94DC70E7CB3B}.Debug|WP8-x86.ActiveCfg = Debug|Any CPU
		{92912C38-0B74-4F4A-A54A-94DC70E7CB3B}.Debug|WP8-x86.Build.0 = Debug|Any CPU
		{92912C38-0B74-4F4A-A54A-94DC70E7CB3B}.Debug|x64.ActiveCfg = Debug|Any CPU
		{92912C38-0B74-4F4A-A54A-94DC70E7CB3B}.Debug|x64.Build.0 = Debug|Any CPU
		{92912C38-0B74-4F4A-A54A-94DC70E7CB3B}.Debug|x86.ActiveCfg = Debug|Any CPU
		{92912C38-0B74-4F4A-A54A-94DC70E7CB3B}.Debug|x86.Build.0 = Debug|Any CPU
		{92912C38-0B74-4F4A-A54A-94DC70E7CB3B}.Release|Any CPU.ActiveCfg = Release|Any CPU
		{92912C38-0B74-4F4A-A54A-94DC70E7CB3B}.Release|Any CPU.Build.0 = Release|Any CPU
		{92912C38-0B74-4F4A-A54A-94DC70E7CB3B}.Release|ARM.ActiveCfg = Release|Any CPU
		{92912C38-0B74-4F4A-A54A-94DC70E7CB3B}.Release|ARM.Build.0 = Release|Any CPU
		{92912C38-0B74-4F4A-A54A-94DC70E7CB3B}.Release|DIRECTX11_2.ActiveCfg = Release|Any CPU
		{92912C38-0B74-4F4A-A54A-94DC70E7CB3B}.Release|DIRECTX11_2.Build.0 = Release|Any CPU
		{92912C38-0B74-4F4A-A54A-94DC70E7CB3B}.Release|Net20.ActiveCfg = Release|Any CPU
		{92912C38-0B74-4F4A-A54A-94DC70E7CB3B}.Release|Net20.Build.0 = Release|Any CPU
		{92912C38-0B74-4F4A-A54A-94DC70E7CB3B}.Release|Net40.ActiveCfg = Release|Any CPU
		{92912C38-0B74-4F4A-A54A-94DC70E7CB3B}.Release|Net40.Build.0 = Release|Any CPU
		{92912C38-0B74-4F4A-A54A-94DC70E7CB3B}.Release|Win8.ActiveCfg = Release|Any CPU
		{92912C38-0B74-4F4A-A54A-94DC70E7CB3B}.Release|Win8.Build.0 = Release|Any CPU
		{92912C38-0B74-4F4A-A54A-94DC70E7CB3B}.Release|WP81.ActiveCfg = Release|Any CPU
		{92912C38-0B74-4F4A-A54A-94DC70E7CB3B}.Release|WP81.Build.0 = Release|Any CPU
		{92912C38-0B74-4F4A-A54A-94DC70E7CB3B}.Release|WP8-ARM.ActiveCfg = Release|Any CPU
		{92912C38-0B74-4F4A-A54A-94DC70E7CB3B}.Release|WP8-ARM.Build.0 = Release|Any CPU
		{92912C38-0B74-4F4A-A54A-94DC70E7CB3B}.Release|WP8-x86.ActiveCfg = Release|Any CPU
		{92912C38-0B74-4F4A-A54A-94DC70E7CB3B}.Release|WP8-x86.Build.0 = Release|Any CPU
		{92912C38-0B74-4F4A-A54A-94DC70E7CB3B}.Release|x64.ActiveCfg = Release|Any CPU
		{92912C38-0B74-4F4A-A54A-94DC70E7CB3B}.Release|x64.Build.0 = Release|Any CPU
		{92912C38-0B74-4F4A-A54A-94DC70E7CB3B}.Release|x86.ActiveCfg = Release|Any CPU
		{92912C38-0B74-4F4A-A54A-94DC70E7CB3B}.Release|x86.Build.0 = Release|Any CPU
		{6D767C87-21D2-40A3-BF83-BB58A62D8FC3}.Debug|Any CPU.ActiveCfg = Debug|Any CPU
		{6D767C87-21D2-40A3-BF83-BB58A62D8FC3}.Debug|Any CPU.Build.0 = Debug|Any CPU
		{6D767C87-21D2-40A3-BF83-BB58A62D8FC3}.Debug|ARM.ActiveCfg = Debug|Any CPU
		{6D767C87-21D2-40A3-BF83-BB58A62D8FC3}.Debug|ARM.Build.0 = Debug|Any CPU
		{6D767C87-21D2-40A3-BF83-BB58A62D8FC3}.Debug|DIRECTX11_2.ActiveCfg = Debug|Any CPU
		{6D767C87-21D2-40A3-BF83-BB58A62D8FC3}.Debug|DIRECTX11_2.Build.0 = Debug|Any CPU
		{6D767C87-21D2-40A3-BF83-BB58A62D8FC3}.Debug|Net20.ActiveCfg = Debug|Any CPU
		{6D767C87-21D2-40A3-BF83-BB58A62D8FC3}.Debug|Net20.Build.0 = Debug|Any CPU
		{6D767C87-21D2-40A3-BF83-BB58A62D8FC3}.Debug|Net40.ActiveCfg = Debug|Any CPU
		{6D767C87-21D2-40A3-BF83-BB58A62D8FC3}.Debug|Net40.Build.0 = Debug|Any CPU
		{6D767C87-21D2-40A3-BF83-BB58A62D8FC3}.Debug|Win8.ActiveCfg = Debug|Any CPU
		{6D767C87-21D2-40A3-BF83-BB58A62D8FC3}.Debug|Win8.Build.0 = Debug|Any CPU
		{6D767C87-21D2-40A3-BF83-BB58A62D8FC3}.Debug|WP81.ActiveCfg = Debug|Any CPU
		{6D767C87-21D2-40A3-BF83-BB58A62D8FC3}.Debug|WP81.Build.0 = Debug|Any CPU
		{6D767C87-21D2-40A3-BF83-BB58A62D8FC3}.Debug|WP8-ARM.ActiveCfg = Debug|Any CPU
		{6D767C87-21D2-40A3-BF83-BB58A62D8FC3}.Debug|WP8-ARM.Build.0 = Debug|Any CPU
		{6D767C87-21D2-40A3-BF83-BB58A62D8FC3}.Debug|WP8-x86.ActiveCfg = Debug|Any CPU
		{6D767C87-21D2-40A3-BF83-BB58A62D8FC3}.Debug|WP8-x86.Build.0 = Debug|Any CPU
		{6D767C87-21D2-40A3-BF83-BB58A62D8FC3}.Debug|x64.ActiveCfg = Debug|Any CPU
		{6D767C87-21D2-40A3-BF83-BB58A62D8FC3}.Debug|x64.Build.0 = Debug|Any CPU
		{6D767C87-21D2-40A3-BF83-BB58A62D8FC3}.Debug|x86.ActiveCfg = Debug|Any CPU
		{6D767C87-21D2-40A3-BF83-BB58A62D8FC3}.Debug|x86.Build.0 = Debug|Any CPU
		{6D767C87-21D2-40A3-BF83-BB58A62D8FC3}.Release|Any CPU.ActiveCfg = Release|Any CPU
		{6D767C87-21D2-40A3-BF83-BB58A62D8FC3}.Release|Any CPU.Build.0 = Release|Any CPU
		{6D767C87-21D2-40A3-BF83-BB58A62D8FC3}.Release|ARM.ActiveCfg = Release|Any CPU
		{6D767C87-21D2-40A3-BF83-BB58A62D8FC3}.Release|ARM.Build.0 = Release|Any CPU
		{6D767C87-21D2-40A3-BF83-BB58A62D8FC3}.Release|DIRECTX11_2.ActiveCfg = Release|Any CPU
		{6D767C87-21D2-40A3-BF83-BB58A62D8FC3}.Release|DIRECTX11_2.Build.0 = Release|Any CPU
		{6D767C87-21D2-40A3-BF83-BB58A62D8FC3}.Release|Net20.ActiveCfg = Release|Any CPU
		{6D767C87-21D2-40A3-BF83-BB58A62D8FC3}.Release|Net20.Build.0 = Release|Any CPU
		{6D767C87-21D2-40A3-BF83-BB58A62D8FC3}.Release|Net40.ActiveCfg = Release|Any CPU
		{6D767C87-21D2-40A3-BF83-BB58A62D8FC3}.Release|Net40.Build.0 = Release|Any CPU
		{6D767C87-21D2-40A3-BF83-BB58A62D8FC3}.Release|Win8.ActiveCfg = Release|Any CPU
		{6D767C87-21D2-40A3-BF83-BB58A62D8FC3}.Release|Win8.Build.0 = Release|Any CPU
		{6D767C87-21D2-40A3-BF83-BB58A62D8FC3}.Release|WP81.ActiveCfg = Release|Any CPU
		{6D767C87-21D2-40A3-BF83-BB58A62D8FC3}.Release|WP81.Build.0 = Release|Any CPU
		{6D767C87-21D2-40A3-BF83-BB58A62D8FC3}.Release|WP8-ARM.ActiveCfg = Release|Any CPU
		{6D767C87-21D2-40A3-BF83-BB58A62D8FC3}.Release|WP8-ARM.Build.0 = Release|Any CPU
		{6D767C87-21D2-40A3-BF83-BB58A62D8FC3}.Release|WP8-x86.ActiveCfg = Release|Any CPU
		{6D767C87-21D2-40A3-BF83-BB58A62D8FC3}.Release|WP8-x86.Build.0 = Release|Any CPU
		{6D767C87-21D2-40A3-BF83-BB58A62D8FC3}.Release|x64.ActiveCfg = Release|Any CPU
		{6D767C87-21D2-40A3-BF83-BB58A62D8FC3}.Release|x64.Build.0 = Release|Any CPU
		{6D767C87-21D2-40A3-BF83-BB58A62D8FC3}.Release|x86.ActiveCfg = Release|Any CPU
		{6D767C87-21D2-40A3-BF83-BB58A62D8FC3}.Release|x86.Build.0 = Release|Any CPU
		{ACD367E7-D3DB-4E9C-93D4-E815A8955137}.Debug|Any CPU.ActiveCfg = Debug|Any CPU
		{ACD367E7-D3DB-4E9C-93D4-E815A8955137}.Debug|Any CPU.Build.0 = Debug|Any CPU
		{ACD367E7-D3DB-4E9C-93D4-E815A8955137}.Debug|ARM.ActiveCfg = Debug|Any CPU
		{ACD367E7-D3DB-4E9C-93D4-E815A8955137}.Debug|ARM.Build.0 = Debug|Any CPU
		{ACD367E7-D3DB-4E9C-93D4-E815A8955137}.Debug|DIRECTX11_2.ActiveCfg = Debug|Any CPU
		{ACD367E7-D3DB-4E9C-93D4-E815A8955137}.Debug|DIRECTX11_2.Build.0 = Debug|Any CPU
		{ACD367E7-D3DB-4E9C-93D4-E815A8955137}.Debug|Net20.ActiveCfg = Debug|Any CPU
		{ACD367E7-D3DB-4E9C-93D4-E815A8955137}.Debug|Net20.Build.0 = Debug|Any CPU
		{ACD367E7-D3DB-4E9C-93D4-E815A8955137}.Debug|Net40.ActiveCfg = Debug|Any CPU
		{ACD367E7-D3DB-4E9C-93D4-E815A8955137}.Debug|Net40.Build.0 = Debug|Any CPU
		{ACD367E7-D3DB-4E9C-93D4-E815A8955137}.Debug|Win8.ActiveCfg = Debug|Any CPU
		{ACD367E7-D3DB-4E9C-93D4-E815A8955137}.Debug|Win8.Build.0 = Debug|Any CPU
		{ACD367E7-D3DB-4E9C-93D4-E815A8955137}.Debug|WP81.ActiveCfg = Debug|Any CPU
		{ACD367E7-D3DB-4E9C-93D4-E815A8955137}.Debug|WP81.Build.0 = Debug|Any CPU
		{ACD367E7-D3DB-4E9C-93D4-E815A8955137}.Debug|WP8-ARM.ActiveCfg = Debug|Any CPU
		{ACD367E7-D3DB-4E9C-93D4-E815A8955137}.Debug|WP8-ARM.Build.0 = Debug|Any CPU
		{ACD367E7-D3DB-4E9C-93D4-E815A8955137}.Debug|WP8-x86.ActiveCfg = Debug|Any CPU
		{ACD367E7-D3DB-4E9C-93D4-E815A8955137}.Debug|WP8-x86.Build.0 = Debug|Any CPU
		{ACD367E7-D3DB-4E9C-93D4-E815A8955137}.Debug|x64.ActiveCfg = Debug|Any CPU
		{ACD367E7-D3DB-4E9C-93D4-E815A8955137}.Debug|x64.Build.0 = Debug|Any CPU
		{ACD367E7-D3DB-4E9C-93D4-E815A8955137}.Debug|x86.ActiveCfg = Debug|Any CPU
		{ACD367E7-D3DB-4E9C-93D4-E815A8955137}.Debug|x86.Build.0 = Debug|Any CPU
		{ACD367E7-D3DB-4E9C-93D4-E815A8955137}.Release|Any CPU.ActiveCfg = Release|Any CPU
		{ACD367E7-D3DB-4E9C-93D4-E815A8955137}.Release|Any CPU.Build.0 = Release|Any CPU
		{ACD367E7-D3DB-4E9C-93D4-E815A8955137}.Release|ARM.ActiveCfg = Release|Any CPU
		{ACD367E7-D3DB-4E9C-93D4-E815A8955137}.Release|ARM.Build.0 = Release|Any CPU
		{ACD367E7-D3DB-4E9C-93D4-E815A8955137}.Release|DIRECTX11_2.ActiveCfg = Release|Any CPU
		{ACD367E7-D3DB-4E9C-93D4-E815A8955137}.Release|DIRECTX11_2.Build.0 = Release|Any CPU
		{ACD367E7-D3DB-4E9C-93D4-E815A8955137}.Release|Net20.ActiveCfg = Release|Any CPU
		{ACD367E7-D3DB-4E9C-93D4-E815A8955137}.Release|Net20.Build.0 = Release|Any CPU
		{ACD367E7-D3DB-4E9C-93D4-E815A8955137}.Release|Net40.ActiveCfg = Release|Any CPU
		{ACD367E7-D3DB-4E9C-93D4-E815A8955137}.Release|Net40.Build.0 = Release|Any CPU
		{ACD367E7-D3DB-4E9C-93D4-E815A8955137}.Release|Win8.ActiveCfg = Release|Any CPU
		{ACD367E7-D3DB-4E9C-93D4-E815A8955137}.Release|Win8.Build.0 = Release|Any CPU
		{ACD367E7-D3DB-4E9C-93D4-E815A8955137}.Release|WP81.ActiveCfg = Release|Any CPU
		{ACD367E7-D3DB-4E9C-93D4-E815A8955137}.Release|WP81.Build.0 = Release|Any CPU
		{ACD367E7-D3DB-4E9C-93D4-E815A8955137}.Release|WP8-ARM.ActiveCfg = Release|Any CPU
		{ACD367E7-D3DB-4E9C-93D4-E815A8955137}.Release|WP8-ARM.Build.0 = Release|Any CPU
		{ACD367E7-D3DB-4E9C-93D4-E815A8955137}.Release|WP8-x86.ActiveCfg = Release|Any CPU
		{ACD367E7-D3DB-4E9C-93D4-E815A8955137}.Release|WP8-x86.Build.0 = Release|Any CPU
		{ACD367E7-D3DB-4E9C-93D4-E815A8955137}.Release|x64.ActiveCfg = Release|Any CPU
		{ACD367E7-D3DB-4E9C-93D4-E815A8955137}.Release|x64.Build.0 = Release|Any CPU
		{ACD367E7-D3DB-4E9C-93D4-E815A8955137}.Release|x86.ActiveCfg = Release|Any CPU
		{ACD367E7-D3DB-4E9C-93D4-E815A8955137}.Release|x86.Build.0 = Release|Any CPU
		{899C7129-B6DC-4CDF-AFE8-4D392CCF6DC9}.Debug|Any CPU.ActiveCfg = Debug|Any CPU
		{899C7129-B6DC-4CDF-AFE8-4D392CCF6DC9}.Debug|Any CPU.Build.0 = Debug|Any CPU
		{899C7129-B6DC-4CDF-AFE8-4D392CCF6DC9}.Debug|ARM.ActiveCfg = Debug|Any CPU
		{899C7129-B6DC-4CDF-AFE8-4D392CCF6DC9}.Debug|ARM.Build.0 = Debug|Any CPU
		{899C7129-B6DC-4CDF-AFE8-4D392CCF6DC9}.Debug|DIRECTX11_2.ActiveCfg = Debug|Any CPU
		{899C7129-B6DC-4CDF-AFE8-4D392CCF6DC9}.Debug|DIRECTX11_2.Build.0 = Debug|Any CPU
		{899C7129-B6DC-4CDF-AFE8-4D392CCF6DC9}.Debug|Net20.ActiveCfg = Debug|Any CPU
		{899C7129-B6DC-4CDF-AFE8-4D392CCF6DC9}.Debug|Net20.Build.0 = Debug|Any CPU
		{899C7129-B6DC-4CDF-AFE8-4D392CCF6DC9}.Debug|Net40.ActiveCfg = Debug|Any CPU
		{899C7129-B6DC-4CDF-AFE8-4D392CCF6DC9}.Debug|Net40.Build.0 = Debug|Any CPU
		{899C7129-B6DC-4CDF-AFE8-4D392CCF6DC9}.Debug|Win8.ActiveCfg = Debug|Any CPU
		{899C7129-B6DC-4CDF-AFE8-4D392CCF6DC9}.Debug|Win8.Build.0 = Debug|Any CPU
		{899C7129-B6DC-4CDF-AFE8-4D392CCF6DC9}.Debug|WP81.ActiveCfg = Debug|Any CPU
		{899C7129-B6DC-4CDF-AFE8-4D392CCF6DC9}.Debug|WP81.Build.0 = Debug|Any CPU
		{899C7129-B6DC-4CDF-AFE8-4D392CCF6DC9}.Debug|WP8-ARM.ActiveCfg = Debug|Any CPU
		{899C7129-B6DC-4CDF-AFE8-4D392CCF6DC9}.Debug|WP8-ARM.Build.0 = Debug|Any CPU
		{899C7129-B6DC-4CDF-AFE8-4D392CCF6DC9}.Debug|WP8-x86.ActiveCfg = Debug|Any CPU
		{899C7129-B6DC-4CDF-AFE8-4D392CCF6DC9}.Debug|WP8-x86.Build.0 = Debug|Any CPU
		{899C7129-B6DC-4CDF-AFE8-4D392CCF6DC9}.Debug|x64.ActiveCfg = Debug|Any CPU
		{899C7129-B6DC-4CDF-AFE8-4D392CCF6DC9}.Debug|x64.Build.0 = Debug|Any CPU
		{899C7129-B6DC-4CDF-AFE8-4D392CCF6DC9}.Debug|x86.ActiveCfg = Debug|Any CPU
		{899C7129-B6DC-4CDF-AFE8-4D392CCF6DC9}.Debug|x86.Build.0 = Debug|Any CPU
		{899C7129-B6DC-4CDF-AFE8-4D392CCF6DC9}.Release|Any CPU.ActiveCfg = Release|Any CPU
		{899C7129-B6DC-4CDF-AFE8-4D392CCF6DC9}.Release|Any CPU.Build.0 = Release|Any CPU
		{899C7129-B6DC-4CDF-AFE8-4D392CCF6DC9}.Release|ARM.ActiveCfg = Release|Any CPU
		{899C7129-B6DC-4CDF-AFE8-4D392CCF6DC9}.Release|ARM.Build.0 = Release|Any CPU
		{899C7129-B6DC-4CDF-AFE8-4D392CCF6DC9}.Release|DIRECTX11_2.ActiveCfg = Release|Any CPU
		{899C7129-B6DC-4CDF-AFE8-4D392CCF6DC9}.Release|DIRECTX11_2.Build.0 = Release|Any CPU
		{899C7129-B6DC-4CDF-AFE8-4D392CCF6DC9}.Release|Net20.ActiveCfg = Release|Any CPU
		{899C7129-B6DC-4CDF-AFE8-4D392CCF6DC9}.Release|Net20.Build.0 = Release|Any CPU
		{899C7129-B6DC-4CDF-AFE8-4D392CCF6DC9}.Release|Net40.ActiveCfg = Release|Any CPU
		{899C7129-B6DC-4CDF-AFE8-4D392CCF6DC9}.Release|Net40.Build.0 = Release|Any CPU
		{899C7129-B6DC-4CDF-AFE8-4D392CCF6DC9}.Release|Win8.ActiveCfg = Release|Any CPU
		{899C7129-B6DC-4CDF-AFE8-4D392CCF6DC9}.Release|Win8.Build.0 = Release|Any CPU
		{899C7129-B6DC-4CDF-AFE8-4D392CCF6DC9}.Release|WP81.ActiveCfg = Release|Any CPU
		{899C7129-B6DC-4CDF-AFE8-4D392CCF6DC9}.Release|WP81.Build.0 = Release|Any CPU
		{899C7129-B6DC-4CDF-AFE8-4D392CCF6DC9}.Release|WP8-ARM.ActiveCfg = Release|Any CPU
		{899C7129-B6DC-4CDF-AFE8-4D392CCF6DC9}.Release|WP8-ARM.Build.0 = Release|Any CPU
		{899C7129-B6DC-4CDF-AFE8-4D392CCF6DC9}.Release|WP8-x86.ActiveCfg = Release|Any CPU
		{899C7129-B6DC-4CDF-AFE8-4D392CCF6DC9}.Release|WP8-x86.Build.0 = Release|Any CPU
		{899C7129-B6DC-4CDF-AFE8-4D392CCF6DC9}.Release|x64.ActiveCfg = Release|Any CPU
		{899C7129-B6DC-4CDF-AFE8-4D392CCF6DC9}.Release|x64.Build.0 = Release|Any CPU
		{899C7129-B6DC-4CDF-AFE8-4D392CCF6DC9}.Release|x86.ActiveCfg = Release|Any CPU
		{899C7129-B6DC-4CDF-AFE8-4D392CCF6DC9}.Release|x86.Build.0 = Release|Any CPU
		{F48C9BB9-6BE9-49D2-AA76-88082C405A01}.Debug|Any CPU.ActiveCfg = Debug|Any CPU
		{F48C9BB9-6BE9-49D2-AA76-88082C405A01}.Debug|Any CPU.Build.0 = Debug|Any CPU
		{F48C9BB9-6BE9-49D2-AA76-88082C405A01}.Debug|ARM.ActiveCfg = Debug|Any CPU
		{F48C9BB9-6BE9-49D2-AA76-88082C405A01}.Debug|ARM.Build.0 = Debug|Any CPU
		{F48C9BB9-6BE9-49D2-AA76-88082C405A01}.Debug|DIRECTX11_2.ActiveCfg = Debug|Any CPU
		{F48C9BB9-6BE9-49D2-AA76-88082C405A01}.Debug|DIRECTX11_2.Build.0 = Debug|Any CPU
		{F48C9BB9-6BE9-49D2-AA76-88082C405A01}.Debug|Net20.ActiveCfg = Debug|Any CPU
		{F48C9BB9-6BE9-49D2-AA76-88082C405A01}.Debug|Net20.Build.0 = Debug|Any CPU
		{F48C9BB9-6BE9-49D2-AA76-88082C405A01}.Debug|Net40.ActiveCfg = Debug|Any CPU
		{F48C9BB9-6BE9-49D2-AA76-88082C405A01}.Debug|Net40.Build.0 = Debug|Any CPU
		{F48C9BB9-6BE9-49D2-AA76-88082C405A01}.Debug|Win8.ActiveCfg = Debug|Any CPU
		{F48C9BB9-6BE9-49D2-AA76-88082C405A01}.Debug|Win8.Build.0 = Debug|Any CPU
		{F48C9BB9-6BE9-49D2-AA76-88082C405A01}.Debug|WP81.ActiveCfg = Debug|Any CPU
		{F48C9BB9-6BE9-49D2-AA76-88082C405A01}.Debug|WP81.Build.0 = Debug|Any CPU
		{F48C9BB9-6BE9-49D2-AA76-88082C405A01}.Debug|WP8-ARM.ActiveCfg = Debug|Any CPU
		{F48C9BB9-6BE9-49D2-AA76-88082C405A01}.Debug|WP8-ARM.Build.0 = Debug|Any CPU
		{F48C9BB9-6BE9-49D2-AA76-88082C405A01}.Debug|WP8-x86.ActiveCfg = Debug|Any CPU
		{F48C9BB9-6BE9-49D2-AA76-88082C405A01}.Debug|WP8-x86.Build.0 = Debug|Any CPU
		{F48C9BB9-6BE9-49D2-AA76-88082C405A01}.Debug|x64.ActiveCfg = Debug|Any CPU
		{F48C9BB9-6BE9-49D2-AA76-88082C405A01}.Debug|x64.Build.0 = Debug|Any CPU
		{F48C9BB9-6BE9-49D2-AA76-88082C405A01}.Debug|x86.ActiveCfg = Debug|Any CPU
		{F48C9BB9-6BE9-49D2-AA76-88082C405A01}.Debug|x86.Build.0 = Debug|Any CPU
		{F48C9BB9-6BE9-49D2-AA76-88082C405A01}.Release|Any CPU.ActiveCfg = Release|Any CPU
		{F48C9BB9-6BE9-49D2-AA76-88082C405A01}.Release|Any CPU.Build.0 = Release|Any CPU
		{F48C9BB9-6BE9-49D2-AA76-88082C405A01}.Release|ARM.ActiveCfg = Release|Any CPU
		{F48C9BB9-6BE9-49D2-AA76-88082C405A01}.Release|ARM.Build.0 = Release|Any CPU
		{F48C9BB9-6BE9-49D2-AA76-88082C405A01}.Release|DIRECTX11_2.ActiveCfg = Release|Any CPU
		{F48C9BB9-6BE9-49D2-AA76-88082C405A01}.Release|DIRECTX11_2.Build.0 = Release|Any CPU
		{F48C9BB9-6BE9-49D2-AA76-88082C405A01}.Release|Net20.ActiveCfg = Release|Any CPU
		{F48C9BB9-6BE9-49D2-AA76-88082C405A01}.Release|Net20.Build.0 = Release|Any CPU
		{F48C9BB9-6BE9-49D2-AA76-88082C405A01}.Release|Net40.ActiveCfg = Release|Any CPU
		{F48C9BB9-6BE9-49D2-AA76-88082C405A01}.Release|Net40.Build.0 = Release|Any CPU
		{F48C9BB9-6BE9-49D2-AA76-88082C405A01}.Release|Win8.ActiveCfg = Release|Any CPU
		{F48C9BB9-6BE9-49D2-AA76-88082C405A01}.Release|Win8.Build.0 = Release|Any CPU
		{F48C9BB9-6BE9-49D2-AA76-88082C405A01}.Release|WP81.ActiveCfg = Release|Any CPU
		{F48C9BB9-6BE9-49D2-AA76-88082C405A01}.Release|WP81.Build.0 = Release|Any CPU
		{F48C9BB9-6BE9-49D2-AA76-88082C405A01}.Release|WP8-ARM.ActiveCfg = Release|Any CPU
		{F48C9BB9-6BE9-49D2-AA76-88082C405A01}.Release|WP8-ARM.Build.0 = Release|Any CPU
		{F48C9BB9-6BE9-49D2-AA76-88082C405A01}.Release|WP8-x86.ActiveCfg = Release|Any CPU
		{F48C9BB9-6BE9-49D2-AA76-88082C405A01}.Release|WP8-x86.Build.0 = Release|Any CPU
		{F48C9BB9-6BE9-49D2-AA76-88082C405A01}.Release|x64.ActiveCfg = Release|Any CPU
		{F48C9BB9-6BE9-49D2-AA76-88082C405A01}.Release|x64.Build.0 = Release|Any CPU
		{F48C9BB9-6BE9-49D2-AA76-88082C405A01}.Release|x86.ActiveCfg = Release|Any CPU
		{F48C9BB9-6BE9-49D2-AA76-88082C405A01}.Release|x86.Build.0 = Release|Any CPU
		{28F921D3-8C02-4EE5-A150-860CB8809C9A}.Debug|Any CPU.ActiveCfg = Debug|Any CPU
		{28F921D3-8C02-4EE5-A150-860CB8809C9A}.Debug|Any CPU.Build.0 = Debug|Any CPU
		{28F921D3-8C02-4EE5-A150-860CB8809C9A}.Debug|ARM.ActiveCfg = Debug|Any CPU
		{28F921D3-8C02-4EE5-A150-860CB8809C9A}.Debug|ARM.Build.0 = Debug|Any CPU
		{28F921D3-8C02-4EE5-A150-860CB8809C9A}.Debug|DIRECTX11_2.ActiveCfg = Debug|Any CPU
		{28F921D3-8C02-4EE5-A150-860CB8809C9A}.Debug|DIRECTX11_2.Build.0 = Debug|Any CPU
		{28F921D3-8C02-4EE5-A150-860CB8809C9A}.Debug|Net20.ActiveCfg = Debug|Any CPU
		{28F921D3-8C02-4EE5-A150-860CB8809C9A}.Debug|Net20.Build.0 = Debug|Any CPU
		{28F921D3-8C02-4EE5-A150-860CB8809C9A}.Debug|Net40.ActiveCfg = Debug|Any CPU
		{28F921D3-8C02-4EE5-A150-860CB8809C9A}.Debug|Net40.Build.0 = Debug|Any CPU
		{28F921D3-8C02-4EE5-A150-860CB8809C9A}.Debug|Win8.ActiveCfg = Debug|Any CPU
		{28F921D3-8C02-4EE5-A150-860CB8809C9A}.Debug|Win8.Build.0 = Debug|Any CPU
		{28F921D3-8C02-4EE5-A150-860CB8809C9A}.Debug|WP81.ActiveCfg = Debug|Any CPU
		{28F921D3-8C02-4EE5-A150-860CB8809C9A}.Debug|WP81.Build.0 = Debug|Any CPU
		{28F921D3-8C02-4EE5-A150-860CB8809C9A}.Debug|WP8-ARM.ActiveCfg = Debug|Any CPU
		{28F921D3-8C02-4EE5-A150-860CB8809C9A}.Debug|WP8-ARM.Build.0 = Debug|Any CPU
		{28F921D3-8C02-4EE5-A150-860CB8809C9A}.Debug|WP8-x86.ActiveCfg = Debug|Any CPU
		{28F921D3-8C02-4EE5-A150-860CB8809C9A}.Debug|WP8-x86.Build.0 = Debug|Any CPU
		{28F921D3-8C02-4EE5-A150-860CB8809C9A}.Debug|x64.ActiveCfg = Debug|Any CPU
		{28F921D3-8C02-4EE5-A150-860CB8809C9A}.Debug|x64.Build.0 = Debug|Any CPU
		{28F921D3-8C02-4EE5-A150-860CB8809C9A}.Debug|x86.ActiveCfg = Debug|Any CPU
		{28F921D3-8C02-4EE5-A150-860CB8809C9A}.Debug|x86.Build.0 = Debug|Any CPU
		{28F921D3-8C02-4EE5-A150-860CB8809C9A}.Release|Any CPU.ActiveCfg = Release|Any CPU
		{28F921D3-8C02-4EE5-A150-860CB8809C9A}.Release|Any CPU.Build.0 = Release|Any CPU
		{28F921D3-8C02-4EE5-A150-860CB8809C9A}.Release|ARM.ActiveCfg = Release|Any CPU
		{28F921D3-8C02-4EE5-A150-860CB8809C9A}.Release|ARM.Build.0 = Release|Any CPU
		{28F921D3-8C02-4EE5-A150-860CB8809C9A}.Release|DIRECTX11_2.ActiveCfg = Release|Any CPU
		{28F921D3-8C02-4EE5-A150-860CB8809C9A}.Release|DIRECTX11_2.Build.0 = Release|Any CPU
		{28F921D3-8C02-4EE5-A150-860CB8809C9A}.Release|Net20.ActiveCfg = Release|Any CPU
		{28F921D3-8C02-4EE5-A150-860CB8809C9A}.Release|Net20.Build.0 = Release|Any CPU
		{28F921D3-8C02-4EE5-A150-860CB8809C9A}.Release|Net40.ActiveCfg = Release|Any CPU
		{28F921D3-8C02-4EE5-A150-860CB8809C9A}.Release|Net40.Build.0 = Release|Any CPU
		{28F921D3-8C02-4EE5-A150-860CB8809C9A}.Release|Win8.ActiveCfg = Release|Any CPU
		{28F921D3-8C02-4EE5-A150-860CB8809C9A}.Release|Win8.Build.0 = Release|Any CPU
		{28F921D3-8C02-4EE5-A150-860CB8809C9A}.Release|WP81.ActiveCfg = Release|Any CPU
		{28F921D3-8C02-4EE5-A150-860CB8809C9A}.Release|WP81.Build.0 = Release|Any CPU
		{28F921D3-8C02-4EE5-A150-860CB8809C9A}.Release|WP8-ARM.ActiveCfg = Release|Any CPU
		{28F921D3-8C02-4EE5-A150-860CB8809C9A}.Release|WP8-ARM.Build.0 = Release|Any CPU
		{28F921D3-8C02-4EE5-A150-860CB8809C9A}.Release|WP8-x86.ActiveCfg = Release|Any CPU
		{28F921D3-8C02-4EE5-A150-860CB8809C9A}.Release|WP8-x86.Build.0 = Release|Any CPU
		{28F921D3-8C02-4EE5-A150-860CB8809C9A}.Release|x64.ActiveCfg = Release|Any CPU
		{28F921D3-8C02-4EE5-A150-860CB8809C9A}.Release|x64.Build.0 = Release|Any CPU
		{28F921D3-8C02-4EE5-A150-860CB8809C9A}.Release|x86.ActiveCfg = Release|Any CPU
		{28F921D3-8C02-4EE5-A150-860CB8809C9A}.Release|x86.Build.0 = Release|Any CPU
		{E047B589-6C0A-4F85-92DE-27BEE2441F8A}.Debug|Any CPU.ActiveCfg = Debug|Any CPU
		{E047B589-6C0A-4F85-92DE-27BEE2441F8A}.Debug|Any CPU.Build.0 = Debug|Any CPU
		{E047B589-6C0A-4F85-92DE-27BEE2441F8A}.Debug|ARM.ActiveCfg = Debug|Any CPU
		{E047B589-6C0A-4F85-92DE-27BEE2441F8A}.Debug|ARM.Build.0 = Debug|Any CPU
		{E047B589-6C0A-4F85-92DE-27BEE2441F8A}.Debug|DIRECTX11_2.ActiveCfg = Debug|Any CPU
		{E047B589-6C0A-4F85-92DE-27BEE2441F8A}.Debug|DIRECTX11_2.Build.0 = Debug|Any CPU
		{E047B589-6C0A-4F85-92DE-27BEE2441F8A}.Debug|Net20.ActiveCfg = Debug|Any CPU
		{E047B589-6C0A-4F85-92DE-27BEE2441F8A}.Debug|Net20.Build.0 = Debug|Any CPU
		{E047B589-6C0A-4F85-92DE-27BEE2441F8A}.Debug|Net40.ActiveCfg = Debug|Any CPU
		{E047B589-6C0A-4F85-92DE-27BEE2441F8A}.Debug|Net40.Build.0 = Debug|Any CPU
		{E047B589-6C0A-4F85-92DE-27BEE2441F8A}.Debug|Win8.ActiveCfg = Debug|Any CPU
		{E047B589-6C0A-4F85-92DE-27BEE2441F8A}.Debug|Win8.Build.0 = Debug|Any CPU
		{E047B589-6C0A-4F85-92DE-27BEE2441F8A}.Debug|WP81.ActiveCfg = Debug|Any CPU
		{E047B589-6C0A-4F85-92DE-27BEE2441F8A}.Debug|WP81.Build.0 = Debug|Any CPU
		{E047B589-6C0A-4F85-92DE-27BEE2441F8A}.Debug|WP8-ARM.ActiveCfg = Debug|Any CPU
		{E047B589-6C0A-4F85-92DE-27BEE2441F8A}.Debug|WP8-ARM.Build.0 = Debug|Any CPU
		{E047B589-6C0A-4F85-92DE-27BEE2441F8A}.Debug|WP8-x86.ActiveCfg = Debug|Any CPU
		{E047B589-6C0A-4F85-92DE-27BEE2441F8A}.Debug|WP8-x86.Build.0 = Debug|Any CPU
		{E047B589-6C0A-4F85-92DE-27BEE2441F8A}.Debug|x64.ActiveCfg = Debug|Any CPU
		{E047B589-6C0A-4F85-92DE-27BEE2441F8A}.Debug|x64.Build.0 = Debug|Any CPU
		{E047B589-6C0A-4F85-92DE-27BEE2441F8A}.Debug|x86.ActiveCfg = Debug|Any CPU
		{E047B589-6C0A-4F85-92DE-27BEE2441F8A}.Debug|x86.Build.0 = Debug|Any CPU
		{E047B589-6C0A-4F85-92DE-27BEE2441F8A}.Release|Any CPU.ActiveCfg = Release|Any CPU
		{E047B589-6C0A-4F85-92DE-27BEE2441F8A}.Release|Any CPU.Build.0 = Release|Any CPU
		{E047B589-6C0A-4F85-92DE-27BEE2441F8A}.Release|ARM.ActiveCfg = Release|Any CPU
		{E047B589-6C0A-4F85-92DE-27BEE2441F8A}.Release|ARM.Build.0 = Release|Any CPU
		{E047B589-6C0A-4F85-92DE-27BEE2441F8A}.Release|DIRECTX11_2.ActiveCfg = Release|Any CPU
		{E047B589-6C0A-4F85-92DE-27BEE2441F8A}.Release|DIRECTX11_2.Build.0 = Release|Any CPU
		{E047B589-6C0A-4F85-92DE-27BEE2441F8A}.Release|Net20.ActiveCfg = Release|Any CPU
		{E047B589-6C0A-4F85-92DE-27BEE2441F8A}.Release|Net20.Build.0 = Release|Any CPU
		{E047B589-6C0A-4F85-92DE-27BEE2441F8A}.Release|Net40.ActiveCfg = Release|Any CPU
		{E047B589-6C0A-4F85-92DE-27BEE2441F8A}.Release|Net40.Build.0 = Release|Any CPU
		{E047B589-6C0A-4F85-92DE-27BEE2441F8A}.Release|Win8.ActiveCfg = Release|Any CPU
		{E047B589-6C0A-4F85-92DE-27BEE2441F8A}.Release|Win8.Build.0 = Release|Any CPU
		{E047B589-6C0A-4F85-92DE-27BEE2441F8A}.Release|WP81.ActiveCfg = Release|Any CPU
		{E047B589-6C0A-4F85-92DE-27BEE2441F8A}.Release|WP81.Build.0 = Release|Any CPU
		{E047B589-6C0A-4F85-92DE-27BEE2441F8A}.Release|WP8-ARM.ActiveCfg = Release|Any CPU
		{E047B589-6C0A-4F85-92DE-27BEE2441F8A}.Release|WP8-ARM.Build.0 = Release|Any CPU
		{E047B589-6C0A-4F85-92DE-27BEE2441F8A}.Release|WP8-x86.ActiveCfg = Release|Any CPU
		{E047B589-6C0A-4F85-92DE-27BEE2441F8A}.Release|WP8-x86.Build.0 = Release|Any CPU
		{E047B589-6C0A-4F85-92DE-27BEE2441F8A}.Release|x64.ActiveCfg = Release|Any CPU
		{E047B589-6C0A-4F85-92DE-27BEE2441F8A}.Release|x64.Build.0 = Release|Any CPU
		{E047B589-6C0A-4F85-92DE-27BEE2441F8A}.Release|x86.ActiveCfg = Release|Any CPU
		{E047B589-6C0A-4F85-92DE-27BEE2441F8A}.Release|x86.Build.0 = Release|Any CPU
		{BD3D3F73-DA89-4712-A1AE-1BF8CE6C030C}.Debug|Any CPU.ActiveCfg = Debug|Any CPU
		{BD3D3F73-DA89-4712-A1AE-1BF8CE6C030C}.Debug|Any CPU.Build.0 = Debug|Any CPU
		{BD3D3F73-DA89-4712-A1AE-1BF8CE6C030C}.Debug|ARM.ActiveCfg = Debug|Any CPU
		{BD3D3F73-DA89-4712-A1AE-1BF8CE6C030C}.Debug|ARM.Build.0 = Debug|Any CPU
		{BD3D3F73-DA89-4712-A1AE-1BF8CE6C030C}.Debug|DIRECTX11_2.ActiveCfg = Debug|Any CPU
		{BD3D3F73-DA89-4712-A1AE-1BF8CE6C030C}.Debug|DIRECTX11_2.Build.0 = Debug|Any CPU
		{BD3D3F73-DA89-4712-A1AE-1BF8CE6C030C}.Debug|Net20.ActiveCfg = Debug|Any CPU
		{BD3D3F73-DA89-4712-A1AE-1BF8CE6C030C}.Debug|Net20.Build.0 = Debug|Any CPU
		{BD3D3F73-DA89-4712-A1AE-1BF8CE6C030C}.Debug|Net40.ActiveCfg = Debug|Any CPU
		{BD3D3F73-DA89-4712-A1AE-1BF8CE6C030C}.Debug|Net40.Build.0 = Debug|Any CPU
		{BD3D3F73-DA89-4712-A1AE-1BF8CE6C030C}.Debug|Win8.ActiveCfg = Debug|Any CPU
		{BD3D3F73-DA89-4712-A1AE-1BF8CE6C030C}.Debug|Win8.Build.0 = Debug|Any CPU
		{BD3D3F73-DA89-4712-A1AE-1BF8CE6C030C}.Debug|WP81.ActiveCfg = Debug|Any CPU
		{BD3D3F73-DA89-4712-A1AE-1BF8CE6C030C}.Debug|WP81.Build.0 = Debug|Any CPU
		{BD3D3F73-DA89-4712-A1AE-1BF8CE6C030C}.Debug|WP8-ARM.ActiveCfg = Debug|Any CPU
		{BD3D3F73-DA89-4712-A1AE-1BF8CE6C030C}.Debug|WP8-ARM.Build.0 = Debug|Any CPU
		{BD3D3F73-DA89-4712-A1AE-1BF8CE6C030C}.Debug|WP8-x86.ActiveCfg = Debug|Any CPU
		{BD3D3F73-DA89-4712-A1AE-1BF8CE6C030C}.Debug|WP8-x86.Build.0 = Debug|Any CPU
		{BD3D3F73-DA89-4712-A1AE-1BF8CE6C030C}.Debug|x64.ActiveCfg = Debug|Any CPU
		{BD3D3F73-DA89-4712-A1AE-1BF8CE6C030C}.Debug|x64.Build.0 = Debug|Any CPU
		{BD3D3F73-DA89-4712-A1AE-1BF8CE6C030C}.Debug|x86.ActiveCfg = Debug|Any CPU
		{BD3D3F73-DA89-4712-A1AE-1BF8CE6C030C}.Debug|x86.Build.0 = Debug|Any CPU
		{BD3D3F73-DA89-4712-A1AE-1BF8CE6C030C}.Release|Any CPU.ActiveCfg = Release|Any CPU
		{BD3D3F73-DA89-4712-A1AE-1BF8CE6C030C}.Release|Any CPU.Build.0 = Release|Any CPU
		{BD3D3F73-DA89-4712-A1AE-1BF8CE6C030C}.Release|ARM.ActiveCfg = Release|Any CPU
		{BD3D3F73-DA89-4712-A1AE-1BF8CE6C030C}.Release|ARM.Build.0 = Release|Any CPU
		{BD3D3F73-DA89-4712-A1AE-1BF8CE6C030C}.Release|DIRECTX11_2.ActiveCfg = Release|Any CPU
		{BD3D3F73-DA89-4712-A1AE-1BF8CE6C030C}.Release|DIRECTX11_2.Build.0 = Release|Any CPU
		{BD3D3F73-DA89-4712-A1AE-1BF8CE6C030C}.Release|Net20.ActiveCfg = Release|Any CPU
		{BD3D3F73-DA89-4712-A1AE-1BF8CE6C030C}.Release|Net20.Build.0 = Release|Any CPU
		{BD3D3F73-DA89-4712-A1AE-1BF8CE6C030C}.Release|Net40.ActiveCfg = Release|Any CPU
		{BD3D3F73-DA89-4712-A1AE-1BF8CE6C030C}.Release|Net40.Build.0 = Release|Any CPU
		{BD3D3F73-DA89-4712-A1AE-1BF8CE6C030C}.Release|Win8.ActiveCfg = Release|Any CPU
		{BD3D3F73-DA89-4712-A1AE-1BF8CE6C030C}.Release|Win8.Build.0 = Release|Any CPU
		{BD3D3F73-DA89-4712-A1AE-1BF8CE6C030C}.Release|WP81.ActiveCfg = Release|Any CPU
		{BD3D3F73-DA89-4712-A1AE-1BF8CE6C030C}.Release|WP81.Build.0 = Release|Any CPU
		{BD3D3F73-DA89-4712-A1AE-1BF8CE6C030C}.Release|WP8-ARM.ActiveCfg = Release|Any CPU
		{BD3D3F73-DA89-4712-A1AE-1BF8CE6C030C}.Release|WP8-ARM.Build.0 = Release|Any CPU
		{BD3D3F73-DA89-4712-A1AE-1BF8CE6C030C}.Release|WP8-x86.ActiveCfg = Release|Any CPU
		{BD3D3F73-DA89-4712-A1AE-1BF8CE6C030C}.Release|WP8-x86.Build.0 = Release|Any CPU
		{BD3D3F73-DA89-4712-A1AE-1BF8CE6C030C}.Release|x64.ActiveCfg = Release|Any CPU
		{BD3D3F73-DA89-4712-A1AE-1BF8CE6C030C}.Release|x64.Build.0 = Release|Any CPU
		{BD3D3F73-DA89-4712-A1AE-1BF8CE6C030C}.Release|x86.ActiveCfg = Release|Any CPU
		{BD3D3F73-DA89-4712-A1AE-1BF8CE6C030C}.Release|x86.Build.0 = Release|Any CPU
		{2C0257C0-EADC-4BB6-BC6B-53BEBF7AC482}.Debug|Any CPU.ActiveCfg = Debug|Any CPU
		{2C0257C0-EADC-4BB6-BC6B-53BEBF7AC482}.Debug|Any CPU.Build.0 = Debug|Any CPU
		{2C0257C0-EADC-4BB6-BC6B-53BEBF7AC482}.Debug|ARM.ActiveCfg = Debug|Any CPU
		{2C0257C0-EADC-4BB6-BC6B-53BEBF7AC482}.Debug|ARM.Build.0 = Debug|Any CPU
		{2C0257C0-EADC-4BB6-BC6B-53BEBF7AC482}.Debug|DIRECTX11_2.ActiveCfg = Debug|Any CPU
		{2C0257C0-EADC-4BB6-BC6B-53BEBF7AC482}.Debug|DIRECTX11_2.Build.0 = Debug|Any CPU
		{2C0257C0-EADC-4BB6-BC6B-53BEBF7AC482}.Debug|Net20.ActiveCfg = Debug|Any CPU
		{2C0257C0-EADC-4BB6-BC6B-53BEBF7AC482}.Debug|Net20.Build.0 = Debug|Any CPU
		{2C0257C0-EADC-4BB6-BC6B-53BEBF7AC482}.Debug|Net40.ActiveCfg = Debug|Any CPU
		{2C0257C0-EADC-4BB6-BC6B-53BEBF7AC482}.Debug|Net40.Build.0 = Debug|Any CPU
		{2C0257C0-EADC-4BB6-BC6B-53BEBF7AC482}.Debug|Win8.ActiveCfg = Debug|Any CPU
		{2C0257C0-EADC-4BB6-BC6B-53BEBF7AC482}.Debug|Win8.Build.0 = Debug|Any CPU
		{2C0257C0-EADC-4BB6-BC6B-53BEBF7AC482}.Debug|WP81.ActiveCfg = Debug|Any CPU
		{2C0257C0-EADC-4BB6-BC6B-53BEBF7AC482}.Debug|WP81.Build.0 = Debug|Any CPU
		{2C0257C0-EADC-4BB6-BC6B-53BEBF7AC482}.Debug|WP8-ARM.ActiveCfg = Debug|Any CPU
		{2C0257C0-EADC-4BB6-BC6B-53BEBF7AC482}.Debug|WP8-ARM.Build.0 = Debug|Any CPU
		{2C0257C0-EADC-4BB6-BC6B-53BEBF7AC482}.Debug|WP8-x86.ActiveCfg = Debug|Any CPU
		{2C0257C0-EADC-4BB6-BC6B-53BEBF7AC482}.Debug|WP8-x86.Build.0 = Debug|Any CPU
		{2C0257C0-EADC-4BB6-BC6B-53BEBF7AC482}.Debug|x64.ActiveCfg = Debug|Any CPU
		{2C0257C0-EADC-4BB6-BC6B-53BEBF7AC482}.Debug|x64.Build.0 = Debug|Any CPU
		{2C0257C0-EADC-4BB6-BC6B-53BEBF7AC482}.Debug|x86.ActiveCfg = Debug|Any CPU
		{2C0257C0-EADC-4BB6-BC6B-53BEBF7AC482}.Debug|x86.Build.0 = Debug|Any CPU
		{2C0257C0-EADC-4BB6-BC6B-53BEBF7AC482}.Release|Any CPU.ActiveCfg = Release|Any CPU
		{2C0257C0-EADC-4BB6-BC6B-53BEBF7AC482}.Release|Any CPU.Build.0 = Release|Any CPU
		{2C0257C0-EADC-4BB6-BC6B-53BEBF7AC482}.Release|ARM.ActiveCfg = Release|Any CPU
		{2C0257C0-EADC-4BB6-BC6B-53BEBF7AC482}.Release|ARM.Build.0 = Release|Any CPU
		{2C0257C0-EADC-4BB6-BC6B-53BEBF7AC482}.Release|DIRECTX11_2.ActiveCfg = Release|Any CPU
		{2C0257C0-EADC-4BB6-BC6B-53BEBF7AC482}.Release|DIRECTX11_2.Build.0 = Release|Any CPU
		{2C0257C0-EADC-4BB6-BC6B-53BEBF7AC482}.Release|Net20.ActiveCfg = Release|Any CPU
		{2C0257C0-EADC-4BB6-BC6B-53BEBF7AC482}.Release|Net20.Build.0 = Release|Any CPU
		{2C0257C0-EADC-4BB6-BC6B-53BEBF7AC482}.Release|Net40.ActiveCfg = Release|Any CPU
		{2C0257C0-EADC-4BB6-BC6B-53BEBF7AC482}.Release|Net40.Build.0 = Release|Any CPU
		{2C0257C0-EADC-4BB6-BC6B-53BEBF7AC482}.Release|Win8.ActiveCfg = Release|Any CPU
		{2C0257C0-EADC-4BB6-BC6B-53BEBF7AC482}.Release|Win8.Build.0 = Release|Any CPU
		{2C0257C0-EADC-4BB6-BC6B-53BEBF7AC482}.Release|WP81.ActiveCfg = Release|Any CPU
		{2C0257C0-EADC-4BB6-BC6B-53BEBF7AC482}.Release|WP81.Build.0 = Release|Any CPU
		{2C0257C0-EADC-4BB6-BC6B-53BEBF7AC482}.Release|WP8-ARM.ActiveCfg = Release|Any CPU
		{2C0257C0-EADC-4BB6-BC6B-53BEBF7AC482}.Release|WP8-ARM.Build.0 = Release|Any CPU
		{2C0257C0-EADC-4BB6-BC6B-53BEBF7AC482}.Release|WP8-x86.ActiveCfg = Release|Any CPU
		{2C0257C0-EADC-4BB6-BC6B-53BEBF7AC482}.Release|WP8-x86.Build.0 = Release|Any CPU
		{2C0257C0-EADC-4BB6-BC6B-53BEBF7AC482}.Release|x64.ActiveCfg = Release|Any CPU
		{2C0257C0-EADC-4BB6-BC6B-53BEBF7AC482}.Release|x64.Build.0 = Release|Any CPU
		{2C0257C0-EADC-4BB6-BC6B-53BEBF7AC482}.Release|x86.ActiveCfg = Release|Any CPU
		{2C0257C0-EADC-4BB6-BC6B-53BEBF7AC482}.Release|x86.Build.0 = Release|Any CPU
		{EEE159F9-1F9E-4628-A19D-6662EC72D789}.Debug|Any CPU.ActiveCfg = Debug|Any CPU
		{EEE159F9-1F9E-4628-A19D-6662EC72D789}.Debug|Any CPU.Build.0 = Debug|Any CPU
		{EEE159F9-1F9E-4628-A19D-6662EC72D789}.Debug|ARM.ActiveCfg = Debug|Any CPU
		{EEE159F9-1F9E-4628-A19D-6662EC72D789}.Debug|ARM.Build.0 = Debug|Any CPU
		{EEE159F9-1F9E-4628-A19D-6662EC72D789}.Debug|DIRECTX11_2.ActiveCfg = Debug|Any CPU
		{EEE159F9-1F9E-4628-A19D-6662EC72D789}.Debug|DIRECTX11_2.Build.0 = Debug|Any CPU
		{EEE159F9-1F9E-4628-A19D-6662EC72D789}.Debug|Net20.ActiveCfg = Debug|Any CPU
		{EEE159F9-1F9E-4628-A19D-6662EC72D789}.Debug|Net20.Build.0 = Debug|Any CPU
		{EEE159F9-1F9E-4628-A19D-6662EC72D789}.Debug|Net40.ActiveCfg = Debug|Any CPU
		{EEE159F9-1F9E-4628-A19D-6662EC72D789}.Debug|Net40.Build.0 = Debug|Any CPU
		{EEE159F9-1F9E-4628-A19D-6662EC72D789}.Debug|Win8.ActiveCfg = Debug|Any CPU
		{EEE159F9-1F9E-4628-A19D-6662EC72D789}.Debug|Win8.Build.0 = Debug|Any CPU
		{EEE159F9-1F9E-4628-A19D-6662EC72D789}.Debug|WP81.ActiveCfg = Debug|Any CPU
		{EEE159F9-1F9E-4628-A19D-6662EC72D789}.Debug|WP81.Build.0 = Debug|Any CPU
		{EEE159F9-1F9E-4628-A19D-6662EC72D789}.Debug|WP8-ARM.ActiveCfg = Debug|Any CPU
		{EEE159F9-1F9E-4628-A19D-6662EC72D789}.Debug|WP8-ARM.Build.0 = Debug|Any CPU
		{EEE159F9-1F9E-4628-A19D-6662EC72D789}.Debug|WP8-x86.ActiveCfg = Debug|Any CPU
		{EEE159F9-1F9E-4628-A19D-6662EC72D789}.Debug|WP8-x86.Build.0 = Debug|Any CPU
		{EEE159F9-1F9E-4628-A19D-6662EC72D789}.Debug|x64.ActiveCfg = Debug|Any CPU
		{EEE159F9-1F9E-4628-A19D-6662EC72D789}.Debug|x64.Build.0 = Debug|Any CPU
		{EEE159F9-1F9E-4628-A19D-6662EC72D789}.Debug|x86.ActiveCfg = Debug|Any CPU
		{EEE159F9-1F9E-4628-A19D-6662EC72D789}.Debug|x86.Build.0 = Debug|Any CPU
		{EEE159F9-1F9E-4628-A19D-6662EC72D789}.Release|Any CPU.ActiveCfg = Release|Any CPU
		{EEE159F9-1F9E-4628-A19D-6662EC72D789}.Release|Any CPU.Build.0 = Release|Any CPU
		{EEE159F9-1F9E-4628-A19D-6662EC72D789}.Release|ARM.ActiveCfg = Release|Any CPU
		{EEE159F9-1F9E-4628-A19D-6662EC72D789}.Release|ARM.Build.0 = Release|Any CPU
		{EEE159F9-1F9E-4628-A19D-6662EC72D789}.Release|DIRECTX11_2.ActiveCfg = Release|Any CPU
		{EEE159F9-1F9E-4628-A19D-6662EC72D789}.Release|DIRECTX11_2.Build.0 = Release|Any CPU
		{EEE159F9-1F9E-4628-A19D-6662EC72D789}.Release|Net20.ActiveCfg = Release|Any CPU
		{EEE159F9-1F9E-4628-A19D-6662EC72D789}.Release|Net20.Build.0 = Release|Any CPU
		{EEE159F9-1F9E-4628-A19D-6662EC72D789}.Release|Net40.ActiveCfg = Release|Any CPU
		{EEE159F9-1F9E-4628-A19D-6662EC72D789}.Release|Net40.Build.0 = Release|Any CPU
		{EEE159F9-1F9E-4628-A19D-6662EC72D789}.Release|Win8.ActiveCfg = Release|Any CPU
		{EEE159F9-1F9E-4628-A19D-6662EC72D789}.Release|Win8.Build.0 = Release|Any CPU
		{EEE159F9-1F9E-4628-A19D-6662EC72D789}.Release|WP81.ActiveCfg = Release|Any CPU
		{EEE159F9-1F9E-4628-A19D-6662EC72D789}.Release|WP81.Build.0 = Release|Any CPU
		{EEE159F9-1F9E-4628-A19D-6662EC72D789}.Release|WP8-ARM.ActiveCfg = Release|Any CPU
		{EEE159F9-1F9E-4628-A19D-6662EC72D789}.Release|WP8-ARM.Build.0 = Release|Any CPU
		{EEE159F9-1F9E-4628-A19D-6662EC72D789}.Release|WP8-x86.ActiveCfg = Release|Any CPU
		{EEE159F9-1F9E-4628-A19D-6662EC72D789}.Release|WP8-x86.Build.0 = Release|Any CPU
		{EEE159F9-1F9E-4628-A19D-6662EC72D789}.Release|x64.ActiveCfg = Release|Any CPU
		{EEE159F9-1F9E-4628-A19D-6662EC72D789}.Release|x64.Build.0 = Release|Any CPU
		{EEE159F9-1F9E-4628-A19D-6662EC72D789}.Release|x86.ActiveCfg = Release|Any CPU
		{EEE159F9-1F9E-4628-A19D-6662EC72D789}.Release|x86.Build.0 = Release|Any CPU
	EndGlobalSection
	GlobalSection(SolutionProperties) = preSolution
		HideSolutionNode = FALSE
	EndGlobalSection
	GlobalSection(NestedProjects) = preSolution
		{899C7129-B6DC-4CDF-AFE8-4D392CCF6DC9} = {EA07495E-BE99-4128-AC45-63D3C2406770}
		{F48C9BB9-6BE9-49D2-AA76-88082C405A01} = {EA07495E-BE99-4128-AC45-63D3C2406770}
		{28F921D3-8C02-4EE5-A150-860CB8809C9A} = {EA07495E-BE99-4128-AC45-63D3C2406770}
		{E047B589-6C0A-4F85-92DE-27BEE2441F8A} = {EA07495E-BE99-4128-AC45-63D3C2406770}
		{BD3D3F73-DA89-4712-A1AE-1BF8CE6C030C} = {EA07495E-BE99-4128-AC45-63D3C2406770}
		{2C0257C0-EADC-4BB6-BC6B-53BEBF7AC482} = {EA07495E-BE99-4128-AC45-63D3C2406770}
		{EEE159F9-1F9E-4628-A19D-6662EC72D789} = {EA07495E-BE99-4128-AC45-63D3C2406770}
	EndGlobalSection
EndGlobal
